// !$*UTF8*$!
{
	archiveVersion = 1;
	classes = {
	};
	objectVersion = 50;
	objects = {

/* Begin PBXBuildFile section */
		9185F3F423F5A5DF00A1F845 /* AppDelegate.swift in Sources */ = {isa = PBXBuildFile; fileRef = 9185F3F323F5A5DF00A1F845 /* AppDelegate.swift */; };
		9185F3F823F5A5DF00A1F845 /* ViewController.swift in Sources */ = {isa = PBXBuildFile; fileRef = 9185F3F723F5A5DF00A1F845 /* ViewController.swift */; };
		9185F3FB23F5A5DF00A1F845 /* Main.storyboard in Resources */ = {isa = PBXBuildFile; fileRef = 9185F3F923F5A5DF00A1F845 /* Main.storyboard */; };
		9185F3FD23F5A5E400A1F845 /* Assets.xcassets in Resources */ = {isa = PBXBuildFile; fileRef = 9185F3FC23F5A5E400A1F845 /* Assets.xcassets */; };
		9185F40023F5A5E400A1F845 /* LaunchScreen.storyboard in Resources */ = {isa = PBXBuildFile; fileRef = 9185F3FE23F5A5E400A1F845 /* LaunchScreen.storyboard */; };
/* End PBXBuildFile section */

/* Begin PBXFileReference section */
		9185F3F023F5A5DF00A1F845 /* HomeworkTinkoffMessages.app */ = {isa = PBXFileReference; explicitFileType = wrapper.application; includeInIndex = 0; path = HomeworkTinkoffMessages.app; sourceTree = BUILT_PRODUCTS_DIR; };
		9185F3F323F5A5DF00A1F845 /* AppDelegate.swift */ = {isa = PBXFileReference; lastKnownFileType = sourcecode.swift; path = AppDelegate.swift; sourceTree = "<group>"; };
		9185F3F723F5A5DF00A1F845 /* ViewController.swift */ = {isa = PBXFileReference; lastKnownFileType = sourcecode.swift; path = ViewController.swift; sourceTree = "<group>"; };
		9185F3FA23F5A5DF00A1F845 /* Base */ = {isa = PBXFileReference; lastKnownFileType = file.storyboard; name = Base; path = Base.lproj/Main.storyboard; sourceTree = "<group>"; };
		9185F3FC23F5A5E400A1F845 /* Assets.xcassets */ = {isa = PBXFileReference; lastKnownFileType = folder.assetcatalog; path = Assets.xcassets; sourceTree = "<group>"; };
		9185F3FF23F5A5E400A1F845 /* Base */ = {isa = PBXFileReference; lastKnownFileType = file.storyboard; name = Base; path = Base.lproj/LaunchScreen.storyboard; sourceTree = "<group>"; };
		9185F40123F5A5E400A1F845 /* Info.plist */ = {isa = PBXFileReference; lastKnownFileType = text.plist.xml; path = Info.plist; sourceTree = "<group>"; };
/* End PBXFileReference section */

/* Begin PBXFrameworksBuildPhase section */
		9185F3ED23F5A5DF00A1F845 /* Frameworks */ = {
			isa = PBXFrameworksBuildPhase;
			buildActionMask = 2147483647;
			files = (
			);
			runOnlyForDeploymentPostprocessing = 0;
		};
/* End PBXFrameworksBuildPhase section */

/* Begin PBXGroup section */
		9185F3E723F5A5DF00A1F845 = {
			isa = PBXGroup;
			children = (
				9185F3F223F5A5DF00A1F845 /* HomeworkTinkoffMessages */,
				9185F3F123F5A5DF00A1F845 /* Products */,
			);
			sourceTree = "<group>";
		};
		9185F3F123F5A5DF00A1F845 /* Products */ = {
			isa = PBXGroup;
			children = (
				9185F3F023F5A5DF00A1F845 /* HomeworkTinkoffMessages.app */,
			);
			name = Products;
			sourceTree = "<group>";
		};
		9185F3F223F5A5DF00A1F845 /* HomeworkTinkoffMessages */ = {
			isa = PBXGroup;
			children = (
				9185F3F323F5A5DF00A1F845 /* AppDelegate.swift */,
				9185F3F723F5A5DF00A1F845 /* ViewController.swift */,
				9185F3F923F5A5DF00A1F845 /* Main.storyboard */,
				9185F3FC23F5A5E400A1F845 /* Assets.xcassets */,
				9185F3FE23F5A5E400A1F845 /* LaunchScreen.storyboard */,
				9185F40123F5A5E400A1F845 /* Info.plist */,
			);
			path = HomeworkTinkoffMessages;
			sourceTree = "<group>";
		};
/* End PBXGroup section */

/* Begin PBXNativeTarget section */
		9185F3EF23F5A5DF00A1F845 /* HomeworkTinkoffMessages */ = {
			isa = PBXNativeTarget;
			buildConfigurationList = 9185F40423F5A5E400A1F845 /* Build configuration list for PBXNativeTarget "HomeworkTinkoffMessages" */;
			buildPhases = (
				9185F3EC23F5A5DF00A1F845 /* Sources */,
				9185F3ED23F5A5DF00A1F845 /* Frameworks */,
				9185F3EE23F5A5DF00A1F845 /* Resources */,
			);
			buildRules = (
			);
			dependencies = (
			);
			name = HomeworkTinkoffMessages;
			productName = HomeworkTinkoffMessages;
			productReference = 9185F3F023F5A5DF00A1F845 /* HomeworkTinkoffMessages.app */;
			productType = "com.apple.product-type.application";
		};
/* End PBXNativeTarget section */

/* Begin PBXProject section */
		9185F3E823F5A5DF00A1F845 /* Project object */ = {
			isa = PBXProject;
			attributes = {
				LastSwiftUpdateCheck = 1130;
				LastUpgradeCheck = 1130;
				ORGANIZATIONNAME = "Олег Герман";
				TargetAttributes = {
					9185F3EF23F5A5DF00A1F845 = {
						CreatedOnToolsVersion = 11.3;
					};
				};
			};
			buildConfigurationList = 9185F3EB23F5A5DF00A1F845 /* Build configuration list for PBXProject "HomeworkTinkoffMessages" */;
			compatibilityVersion = "Xcode 9.3";
			developmentRegion = en;
			hasScannedForEncodings = 0;
			knownRegions = (
				en,
				Base,
			);
			mainGroup = 9185F3E723F5A5DF00A1F845;
			productRefGroup = 9185F3F123F5A5DF00A1F845 /* Products */;
			projectDirPath = "";
			projectRoot = "";
			targets = (
				9185F3EF23F5A5DF00A1F845 /* HomeworkTinkoffMessages */,
			);
		};
/* End PBXProject section */

/* Begin PBXResourcesBuildPhase section */
		9185F3EE23F5A5DF00A1F845 /* Resources */ = {
			isa = PBXResourcesBuildPhase;
			buildActionMask = 2147483647;
			files = (
				9185F40023F5A5E400A1F845 /* LaunchScreen.storyboard in Resources */,
				9185F3FD23F5A5E400A1F845 /* Assets.xcassets in Resources */,
				9185F3FB23F5A5DF00A1F845 /* Main.storyboard in Resources */,
			);
			runOnlyForDeploymentPostprocessing = 0;
		};
/* End PBXResourcesBuildPhase section */

/* Begin PBXSourcesBuildPhase section */
		9185F3EC23F5A5DF00A1F845 /* Sources */ = {
			isa = PBXSourcesBuildPhase;
			buildActionMask = 2147483647;
			files = (
				9185F3F823F5A5DF00A1F845 /* ViewController.swift in Sources */,
				9185F3F423F5A5DF00A1F845 /* AppDelegate.swift in Sources */,
			);
			runOnlyForDeploymentPostprocessing = 0;
		};
/* End PBXSourcesBuildPhase section */

/* Begin PBXVariantGroup section */
		9185F3F923F5A5DF00A1F845 /* Main.storyboard */ = {
			isa = PBXVariantGroup;
			children = (
				9185F3FA23F5A5DF00A1F845 /* Base */,
			);
			name = Main.storyboard;
			sourceTree = "<group>";
		};
		9185F3FE23F5A5E400A1F845 /* LaunchScreen.storyboard */ = {
			isa = PBXVariantGroup;
			children = (
				9185F3FF23F5A5E400A1F845 /* Base */,
			);
			name = LaunchScreen.storyboard;
			sourceTree = "<group>";
		};
/* End PBXVariantGroup section */

/* Begin XCBuildConfiguration section */
		9185F40223F5A5E400A1F845 /* Debug */ = {
			isa = XCBuildConfiguration;
			buildSettings = {
				ALWAYS_SEARCH_USER_PATHS = NO;
				CLANG_ANALYZER_NONNULL = YES;
				CLANG_ANALYZER_NUMBER_OBJECT_CONVERSION = YES_AGGRESSIVE;
				CLANG_CXX_LANGUAGE_STANDARD = "gnu++14";
				CLANG_CXX_LIBRARY = "libc++";
				CLANG_ENABLE_MODULES = YES;
				CLANG_ENABLE_OBJC_ARC = YES;
				CLANG_ENABLE_OBJC_WEAK = YES;
				CLANG_WARN_BLOCK_CAPTURE_AUTORELEASING = YES;
				CLANG_WARN_BOOL_CONVERSION = YES;
				CLANG_WARN_COMMA = YES;
				CLANG_WARN_CONSTANT_CONVERSION = YES;
				CLANG_WARN_DEPRECATED_OBJC_IMPLEMENTATIONS = YES;
				CLANG_WARN_DIRECT_OBJC_ISA_USAGE = YES_ERROR;
				CLANG_WARN_DOCUMENTATION_COMMENTS = YES;
				CLANG_WARN_EMPTY_BODY = YES;
				CLANG_WARN_ENUM_CONVERSION = YES;
				CLANG_WARN_INFINITE_RECURSION = YES;
				CLANG_WARN_INT_CONVERSION = YES;
				CLANG_WARN_NON_LITERAL_NULL_CONVERSION = YES;
				CLANG_WARN_OBJC_IMPLICIT_RETAIN_SELF = YES;
				CLANG_WARN_OBJC_LITERAL_CONVERSION = YES;
				CLANG_WARN_OBJC_ROOT_CLASS = YES_ERROR;
				CLANG_WARN_RANGE_LOOP_ANALYSIS = YES;
				CLANG_WARN_STRICT_PROTOTYPES = YES;
				CLANG_WARN_SUSPICIOUS_MOVE = YES;
				CLANG_WARN_UNGUARDED_AVAILABILITY = YES_AGGRESSIVE;
				CLANG_WARN_UNREACHABLE_CODE = YES;
				CLANG_WARN__DUPLICATE_METHOD_MATCH = YES;
				COPY_PHASE_STRIP = NO;
				DEBUG_INFORMATION_FORMAT = dwarf;
				ENABLE_STRICT_OBJC_MSGSEND = YES;
				ENABLE_TESTABILITY = YES;
				GCC_C_LANGUAGE_STANDARD = gnu11;
				GCC_DYNAMIC_NO_PIC = NO;
				GCC_NO_COMMON_BLOCKS = YES;
				GCC_OPTIMIZATION_LEVEL = 0;
				GCC_PREPROCESSOR_DEFINITIONS = (
					"DEBUG=1",
					"$(inherited)",
				);
				GCC_WARN_64_TO_32_BIT_CONVERSION = YES;
				GCC_WARN_ABOUT_RETURN_TYPE = YES_ERROR;
				GCC_WARN_UNDECLARED_SELECTOR = YES;
				GCC_WARN_UNINITIALIZED_AUTOS = YES_AGGRESSIVE;
				GCC_WARN_UNUSED_FUNCTION = YES;
				GCC_WARN_UNUSED_VARIABLE = YES;
				IPHONEOS_DEPLOYMENT_TARGET = 13.2;
				MTL_ENABLE_DEBUG_INFO = INCLUDE_SOURCE;
				MTL_FAST_MATH = YES;
				ONLY_ACTIVE_ARCH = YES;
				SDKROOT = iphoneos;
				SWIFT_ACTIVE_COMPILATION_CONDITIONS = DEBUG;
				SWIFT_OPTIMIZATION_LEVEL = "-Onone";
			};
			name = Debug;
		};
		9185F40323F5A5E400A1F845 /* Release */ = {
			isa = XCBuildConfiguration;
			buildSettings = {
				ALWAYS_SEARCH_USER_PATHS = NO;
				CLANG_ANALYZER_NONNULL = YES;
				CLANG_ANALYZER_NUMBER_OBJECT_CONVERSION = YES_AGGRESSIVE;
				CLANG_CXX_LANGUAGE_STANDARD = "gnu++14";
				CLANG_CXX_LIBRARY = "libc++";
				CLANG_ENABLE_MODULES = YES;
				CLANG_ENABLE_OBJC_ARC = YES;
				CLANG_ENABLE_OBJC_WEAK = YES;
				CLANG_WARN_BLOCK_CAPTURE_AUTORELEASING = YES;
				CLANG_WARN_BOOL_CONVERSION = YES;
				CLANG_WARN_COMMA = YES;
				CLANG_WARN_CONSTANT_CONVERSION = YES;
				CLANG_WARN_DEPRECATED_OBJC_IMPLEMENTATIONS = YES;
				CLANG_WARN_DIRECT_OBJC_ISA_USAGE = YES_ERROR;
				CLANG_WARN_DOCUMENTATION_COMMENTS = YES;
				CLANG_WARN_EMPTY_BODY = YES;
				CLANG_WARN_ENUM_CONVERSION = YES;
				CLANG_WARN_INFINITE_RECURSION = YES;
				CLANG_WARN_INT_CONVERSION = YES;
				CLANG_WARN_NON_LITERAL_NULL_CONVERSION = YES;
				CLANG_WARN_OBJC_IMPLICIT_RETAIN_SELF = YES;
				CLANG_WARN_OBJC_LITERAL_CONVERSION = YES;
				CLANG_WARN_OBJC_ROOT_CLASS = YES_ERROR;
				CLANG_WARN_RANGE_LOOP_ANALYSIS = YES;
				CLANG_WARN_STRICT_PROTOTYPES = YES;
				CLANG_WARN_SUSPICIOUS_MOVE = YES;
				CLANG_WARN_UNGUARDED_AVAILABILITY = YES_AGGRESSIVE;
				CLANG_WARN_UNREACHABLE_CODE = YES;
				CLANG_WARN__DUPLICATE_METHOD_MATCH = YES;
				COPY_PHASE_STRIP = NO;
				DEBUG_INFORMATION_FORMAT = "dwarf-with-dsym";
				ENABLE_NS_ASSERTIONS = NO;
				ENABLE_STRICT_OBJC_MSGSEND = YES;
				GCC_C_LANGUAGE_STANDARD = gnu11;
				GCC_NO_COMMON_BLOCKS = YES;
				GCC_WARN_64_TO_32_BIT_CONVERSION = YES;
				GCC_WARN_ABOUT_RETURN_TYPE = YES_ERROR;
				GCC_WARN_UNDECLARED_SELECTOR = YES;
				GCC_WARN_UNINITIALIZED_AUTOS = YES_AGGRESSIVE;
				GCC_WARN_UNUSED_FUNCTION = YES;
				GCC_WARN_UNUSED_VARIABLE = YES;
				IPHONEOS_DEPLOYMENT_TARGET = 13.2;
				MTL_ENABLE_DEBUG_INFO = NO;
				MTL_FAST_MATH = YES;
				SDKROOT = iphoneos;
				SWIFT_COMPILATION_MODE = wholemodule;
				SWIFT_OPTIMIZATION_LEVEL = "-O";
				VALIDATE_PRODUCT = YES;
			};
			name = Release;
		};
		9185F40523F5A5E400A1F845 /* Debug */ = {
			isa = XCBuildConfiguration;
			buildSettings = {
				ASSETCATALOG_COMPILER_APPICON_NAME = AppIcon;
				CODE_SIGN_STYLE = Automatic;
				DEVELOPMENT_TEAM = JXJ5VHYBLN;
				INFOPLIST_FILE = HomeworkTinkoffMessages/Info.plist;
				IPHONEOS_DEPLOYMENT_TARGET = 11.0;
				LD_RUNPATH_SEARCH_PATHS = (
					"$(inherited)",
					"@executable_path/Frameworks",
				);
				PRODUCT_BUNDLE_IDENTIFIER = oleg.HomeworkTinkoffMessages;
				PRODUCT_NAME = "$(TARGET_NAME)";
				SWIFT_VERSION = 5.0;
				TARGETED_DEVICE_FAMILY = "1,2";
			};
			name = Debug;
		};
		9185F40623F5A5E400A1F845 /* Release */ = {
			isa = XCBuildConfiguration;
			buildSettings = {
				ASSETCATALOG_COMPILER_APPICON_NAME = AppIcon;
				CODE_SIGN_STYLE = Automatic;
				DEVELOPMENT_TEAM = JXJ5VHYBLN;
				INFOPLIST_FILE = HomeworkTinkoffMessages/Info.plist;
				IPHONEOS_DEPLOYMENT_TARGET = 11.0;
				LD_RUNPATH_SEARCH_PATHS = (
					"$(inherited)",
					"@executable_path/Frameworks",
				);
				PRODUCT_BUNDLE_IDENTIFIER = oleg.HomeworkTinkoffMessages;
				PRODUCT_NAME = "$(TARGET_NAME)";
				SWIFT_VERSION = 5.0;
				TARGETED_DEVICE_FAMILY = "1,2";
			};
			name = Release;
		};
/* End XCBuildConfiguration section */

/* Begin XCConfigurationList section */
		9185F3EB23F5A5DF00A1F845 /* Build configuration list for PBXProject "HomeworkTinkoffMessages" */ = {
			isa = XCConfigurationList;
			buildConfigurations = (
				9185F40223F5A5E400A1F845 /* Debug */,
				9185F40323F5A5E400A1F845 /* Release */,
			);
			defaultConfigurationIsVisible = 0;
			defaultConfigurationName = Release;
		};
		9185F40423F5A5E400A1F845 /* Build configuration list for PBXNativeTarget "HomeworkTinkoffMessages" */ = {
			isa = XCConfigurationList;
			buildConfigurations = (
				9185F40523F5A5E400A1F845 /* Debug */,
				9185F40623F5A5E400A1F845 /* Release */,
			);
			defaultConfigurationIsVisible = 0;
			defaultConfigurationName = Release;
		};
/* End XCConfigurationList section */
	};
	rootObject = 9185F3E823F5A5DF00A1F845 /* Project object */;
}
