// !$*UTF8*$!
{
	archiveVersion = 1;
	classes = {
	};
	objectVersion = 51;
	objects = {

/* Begin PBXBuildFile section */
		910A8216240BF95500106559 /* ProfileViewController.swift in Sources */ = {isa = PBXBuildFile; fileRef = 910A8208240BF95300106559 /* ProfileViewController.swift */; };
		910A8217240BF95500106559 /* ConfigurationCellModel.swift in Sources */ = {isa = PBXBuildFile; fileRef = 910A8209240BF95400106559 /* ConfigurationCellModel.swift */; };
		910A8218240BF95500106559 /* ConversationViewController.swift in Sources */ = {isa = PBXBuildFile; fileRef = 910A820A240BF95400106559 /* ConversationViewController.swift */; };
		910A8219240BF95500106559 /* ConfigurableView.swift in Sources */ = {isa = PBXBuildFile; fileRef = 910A820B240BF95400106559 /* ConfigurableView.swift */; };
		910A821B240BF95500106559 /* MessageCellModel.swift in Sources */ = {isa = PBXBuildFile; fileRef = 910A820D240BF95400106559 /* MessageCellModel.swift */; };
		910A821C240BF95500106559 /* ConversationCell.xib in Resources */ = {isa = PBXBuildFile; fileRef = 910A820E240BF95400106559 /* ConversationCell.xib */; };
		910A821D240BF95500106559 /* MessageCell.swift in Sources */ = {isa = PBXBuildFile; fileRef = 910A820F240BF95400106559 /* MessageCell.swift */; };
		910A8221240BF95500106559 /* ConversationCell.swift in Sources */ = {isa = PBXBuildFile; fileRef = 910A8213240BF95400106559 /* ConversationCell.swift */; };
		910A8222240BF95500106559 /* ConversationsListViewController.swift in Sources */ = {isa = PBXBuildFile; fileRef = 910A8214240BF95400106559 /* ConversationsListViewController.swift */; };
		910A8223240BF95500106559 /* MessageCell.xib in Resources */ = {isa = PBXBuildFile; fileRef = 910A8215240BF95400106559 /* MessageCell.xib */; };
		91100AB42427C19D001259F1 /* Constant.swift in Sources */ = {isa = PBXBuildFile; fileRef = 91100AB32427C19D001259F1 /* Constant.swift */; };
		91100AB72427C710001259F1 /* NewChannelViewController.swift in Sources */ = {isa = PBXBuildFile; fileRef = 91100AB52427C710001259F1 /* NewChannelViewController.swift */; };
		91100AB82427C710001259F1 /* NewChannelViewController.xib in Resources */ = {isa = PBXBuildFile; fileRef = 91100AB62427C710001259F1 /* NewChannelViewController.xib */; };
		91100ABE2427DCC1001259F1 /* ChannelsDataManager.swift in Sources */ = {isa = PBXBuildFile; fileRef = 91100ABD2427DCC1001259F1 /* ChannelsDataManager.swift */; };
		91100AC02427E08A001259F1 /* IChannelInteractor.swift in Sources */ = {isa = PBXBuildFile; fileRef = 91100ABF2427E08A001259F1 /* IChannelInteractor.swift */; };
		91100AC22427E909001259F1 /* IMessagesInteractor.swift in Sources */ = {isa = PBXBuildFile; fileRef = 91100AC12427E909001259F1 /* IMessagesInteractor.swift */; };
		91100AC42427E985001259F1 /* MessagesDataManager.swift in Sources */ = {isa = PBXBuildFile; fileRef = 91100AC32427E985001259F1 /* MessagesDataManager.swift */; };
		911015CE241E3F60002CB9AB /* Extension.swift in Sources */ = {isa = PBXBuildFile; fileRef = 911015CD241E3F60002CB9AB /* Extension.swift */; };
		911015D1241E74C8002CB9AB /* GCDDataManager.swift in Sources */ = {isa = PBXBuildFile; fileRef = 911015D0241E74C8002CB9AB /* GCDDataManager.swift */; };
		911015D3241E74DE002CB9AB /* OperationDataManager.swift in Sources */ = {isa = PBXBuildFile; fileRef = 911015D2241E74DE002CB9AB /* OperationDataManager.swift */; };
		911015D7241E7CE6002CB9AB /* IProfile.swift in Sources */ = {isa = PBXBuildFile; fileRef = 911015D6241E7CE6002CB9AB /* IProfile.swift */; };
		911015D9241E868E002CB9AB /* IProfileInteractor.swift in Sources */ = {isa = PBXBuildFile; fileRef = 911015D8241E868E002CB9AB /* IProfileInteractor.swift */; };
		911015DB241E88DD002CB9AB /* ProfileDataManager.swift in Sources */ = {isa = PBXBuildFile; fileRef = 911015DA241E88DD002CB9AB /* ProfileDataManager.swift */; };
		914241FD2443939E0045FCE4 /* MessagesFirebaseRequester.swift in Sources */ = {isa = PBXBuildFile; fileRef = 914241FC2443939E0045FCE4 /* MessagesFirebaseRequester.swift */; };
		914241FF244395C10045FCE4 /* ConversationFirebaseRequester.swift in Sources */ = {isa = PBXBuildFile; fileRef = 914241FE244395C10045FCE4 /* ConversationFirebaseRequester.swift */; };
		9162E486242E6E6500DA5386 /* StorageManager.swift in Sources */ = {isa = PBXBuildFile; fileRef = 9162E485242E6E6500DA5386 /* StorageManager.swift */; };
		9162E489242E707200DA5386 /* CoreDataStack.swift in Sources */ = {isa = PBXBuildFile; fileRef = 9162E488242E707200DA5386 /* CoreDataStack.swift */; };
		9162E48C242E781500DA5386 /* DataModel.xcdatamodeld in Sources */ = {isa = PBXBuildFile; fileRef = 9162E48A242E781500DA5386 /* DataModel.xcdatamodeld */; };
		9162E48F2430811900DA5386 /* AppUser.swift in Sources */ = {isa = PBXBuildFile; fileRef = 9162E48E2430811900DA5386 /* AppUser.swift */; };
		917492972439D48E009597ED /* Conversation.swift in Sources */ = {isa = PBXBuildFile; fileRef = 917492962439D48E009597ED /* Conversation.swift */; };
		917492992439D4B5009597ED /* ConversationFetchRequester.swift in Sources */ = {isa = PBXBuildFile; fileRef = 917492982439D4B5009597ED /* ConversationFetchRequester.swift */; };
		9174929B2439D7A7009597ED /* Message.swift in Sources */ = {isa = PBXBuildFile; fileRef = 9174929A2439D7A7009597ED /* Message.swift */; };
		917492B32439DF7B009597ED /* MessageFetchRequester.swift in Sources */ = {isa = PBXBuildFile; fileRef = 917492B22439DF7B009597ED /* MessageFetchRequester.swift */; };
		917492B5243A39D0009597ED /* GoogleService-Info.plist in Resources */ = {isa = PBXBuildFile; fileRef = 917492B4243A39D0009597ED /* GoogleService-Info.plist */; };
		9185F3F423F5A5DF00A1F845 /* AppDelegate.swift in Sources */ = {isa = PBXBuildFile; fileRef = 9185F3F323F5A5DF00A1F845 /* AppDelegate.swift */; };
		9185F3FB23F5A5DF00A1F845 /* Main.storyboard in Resources */ = {isa = PBXBuildFile; fileRef = 9185F3F923F5A5DF00A1F845 /* Main.storyboard */; };
		9185F3FD23F5A5E400A1F845 /* Assets.xcassets in Resources */ = {isa = PBXBuildFile; fileRef = 9185F3FC23F5A5E400A1F845 /* Assets.xcassets */; };
		9185F40023F5A5E400A1F845 /* LaunchScreen.storyboard in Resources */ = {isa = PBXBuildFile; fileRef = 9185F3FE23F5A5E400A1F845 /* LaunchScreen.storyboard */; };
		919A3282244B7497006DA9D9 /* ImageRequestsStorageParser.swift in Sources */ = {isa = PBXBuildFile; fileRef = 919A327C244B7496006DA9D9 /* ImageRequestsStorageParser.swift */; };
		919A3283244B7497006DA9D9 /* RequestConfig.swift in Sources */ = {isa = PBXBuildFile; fileRef = 919A327D244B7496006DA9D9 /* RequestConfig.swift */; };
		919A3284244B7497006DA9D9 /* Requests.swift in Sources */ = {isa = PBXBuildFile; fileRef = 919A327E244B7496006DA9D9 /* Requests.swift */; };
		919A3285244B7497006DA9D9 /* RequestSender.swift in Sources */ = {isa = PBXBuildFile; fileRef = 919A327F244B7496006DA9D9 /* RequestSender.swift */; };
		919A3286244B7497006DA9D9 /* RequestsFactory.swift in Sources */ = {isa = PBXBuildFile; fileRef = 919A3280244B7497006DA9D9 /* RequestsFactory.swift */; };
		919A3287244B7497006DA9D9 /* ImageProvider.swift in Sources */ = {isa = PBXBuildFile; fileRef = 919A3281244B7497006DA9D9 /* ImageProvider.swift */; };
		919A329E244C991D006DA9D9 /* NetworkManager.swift in Sources */ = {isa = PBXBuildFile; fileRef = 919A329C244C991D006DA9D9 /* NetworkManager.swift */; };
		919A329F244C991D006DA9D9 /* ImageDownloadManager.swift in Sources */ = {isa = PBXBuildFile; fileRef = 919A329D244C991D006DA9D9 /* ImageDownloadManager.swift */; };
		919A32A1244C9C10006DA9D9 /* RootAssembly.swift in Sources */ = {isa = PBXBuildFile; fileRef = 919A32A0244C9C10006DA9D9 /* RootAssembly.swift */; };
		919A32A4244C9C2B006DA9D9 /* PresentationAssembly.swift in Sources */ = {isa = PBXBuildFile; fileRef = 919A32A3244C9C2B006DA9D9 /* PresentationAssembly.swift */; };
		919A32A7244C9C54006DA9D9 /* CoreAssembly.swift in Sources */ = {isa = PBXBuildFile; fileRef = 919A32A6244C9C54006DA9D9 /* CoreAssembly.swift */; };
		919A32AA244C9C5F006DA9D9 /* ServiceAssembly.swift in Sources */ = {isa = PBXBuildFile; fileRef = 919A32A9244C9C5F006DA9D9 /* ServiceAssembly.swift */; };
		919A32BB244CA0A7006DA9D9 /* LoaderImageViewController.swift in Sources */ = {isa = PBXBuildFile; fileRef = 919A32B1244CA0A7006DA9D9 /* LoaderImageViewController.swift */; };
		919A32BC244CA0A7006DA9D9 /* LoaderImageVC+CollectionViewFlow.swift in Sources */ = {isa = PBXBuildFile; fileRef = 919A32B3244CA0A7006DA9D9 /* LoaderImageVC+CollectionViewFlow.swift */; };
		919A32BD244CA0A7006DA9D9 /* LoaderImageVC+CVDataSource.swift in Sources */ = {isa = PBXBuildFile; fileRef = 919A32B4244CA0A7006DA9D9 /* LoaderImageVC+CVDataSource.swift */; };
		919A32BE244CA0A7006DA9D9 /* LoadImageVC+CVDelegate.swift in Sources */ = {isa = PBXBuildFile; fileRef = 919A32B5244CA0A7006DA9D9 /* LoadImageVC+CVDelegate.swift */; };
		919A32BF244CA0A7006DA9D9 /* LoaderImageInteractor.swift in Sources */ = {isa = PBXBuildFile; fileRef = 919A32B7244CA0A7006DA9D9 /* LoaderImageInteractor.swift */; };
		919A32C0244CA0A7006DA9D9 /* DownloadImage.swift in Sources */ = {isa = PBXBuildFile; fileRef = 919A32B8244CA0A7006DA9D9 /* DownloadImage.swift */; };
		919A32C1244CA0A7006DA9D9 /* DownloadImageCollectionViewCell.swift in Sources */ = {isa = PBXBuildFile; fileRef = 919A32BA244CA0A7006DA9D9 /* DownloadImageCollectionViewCell.swift */; };
		A30D665289ED832AAD981AD7 /* Pods_HomeworkTinkoffMessages.framework in Frameworks */ = {isa = PBXBuildFile; fileRef = 41E4D7877B9B3360ECA48B08 /* Pods_HomeworkTinkoffMessages.framework */; };
/* End PBXBuildFile section */

/* Begin PBXFileReference section */
		26CF9D318EBC4DF2F6938F67 /* Pods-HomeworkTinkoffMessages.debug.xcconfig */ = {isa = PBXFileReference; includeInIndex = 1; lastKnownFileType = text.xcconfig; name = "Pods-HomeworkTinkoffMessages.debug.xcconfig"; path = "Target Support Files/Pods-HomeworkTinkoffMessages/Pods-HomeworkTinkoffMessages.debug.xcconfig"; sourceTree = "<group>"; };
		41E4D7877B9B3360ECA48B08 /* Pods_HomeworkTinkoffMessages.framework */ = {isa = PBXFileReference; explicitFileType = wrapper.framework; includeInIndex = 0; path = Pods_HomeworkTinkoffMessages.framework; sourceTree = BUILT_PRODUCTS_DIR; };
		910A8208240BF95300106559 /* ProfileViewController.swift */ = {isa = PBXFileReference; fileEncoding = 4; lastKnownFileType = sourcecode.swift; path = ProfileViewController.swift; sourceTree = "<group>"; };
		910A8209240BF95400106559 /* ConfigurationCellModel.swift */ = {isa = PBXFileReference; fileEncoding = 4; lastKnownFileType = sourcecode.swift; path = ConfigurationCellModel.swift; sourceTree = "<group>"; };
		910A820A240BF95400106559 /* ConversationViewController.swift */ = {isa = PBXFileReference; fileEncoding = 4; lastKnownFileType = sourcecode.swift; path = ConversationViewController.swift; sourceTree = "<group>"; };
		910A820B240BF95400106559 /* ConfigurableView.swift */ = {isa = PBXFileReference; fileEncoding = 4; lastKnownFileType = sourcecode.swift; path = ConfigurableView.swift; sourceTree = "<group>"; };
		910A820D240BF95400106559 /* MessageCellModel.swift */ = {isa = PBXFileReference; fileEncoding = 4; lastKnownFileType = sourcecode.swift; path = MessageCellModel.swift; sourceTree = "<group>"; };
		910A820E240BF95400106559 /* ConversationCell.xib */ = {isa = PBXFileReference; fileEncoding = 4; lastKnownFileType = file.xib; path = ConversationCell.xib; sourceTree = "<group>"; };
		910A820F240BF95400106559 /* MessageCell.swift */ = {isa = PBXFileReference; fileEncoding = 4; lastKnownFileType = sourcecode.swift; path = MessageCell.swift; sourceTree = "<group>"; };
		910A8213240BF95400106559 /* ConversationCell.swift */ = {isa = PBXFileReference; fileEncoding = 4; lastKnownFileType = sourcecode.swift; path = ConversationCell.swift; sourceTree = "<group>"; };
		910A8214240BF95400106559 /* ConversationsListViewController.swift */ = {isa = PBXFileReference; fileEncoding = 4; lastKnownFileType = sourcecode.swift; path = ConversationsListViewController.swift; sourceTree = "<group>"; };
		910A8215240BF95400106559 /* MessageCell.xib */ = {isa = PBXFileReference; fileEncoding = 4; lastKnownFileType = file.xib; path = MessageCell.xib; sourceTree = "<group>"; };
		91100AB32427C19D001259F1 /* Constant.swift */ = {isa = PBXFileReference; lastKnownFileType = sourcecode.swift; path = Constant.swift; sourceTree = "<group>"; };
		91100AB52427C710001259F1 /* NewChannelViewController.swift */ = {isa = PBXFileReference; lastKnownFileType = sourcecode.swift; path = NewChannelViewController.swift; sourceTree = "<group>"; };
		91100AB62427C710001259F1 /* NewChannelViewController.xib */ = {isa = PBXFileReference; lastKnownFileType = file.xib; path = NewChannelViewController.xib; sourceTree = "<group>"; };
		91100ABD2427DCC1001259F1 /* ChannelsDataManager.swift */ = {isa = PBXFileReference; lastKnownFileType = sourcecode.swift; path = ChannelsDataManager.swift; sourceTree = "<group>"; };
		91100ABF2427E08A001259F1 /* IChannelInteractor.swift */ = {isa = PBXFileReference; lastKnownFileType = sourcecode.swift; path = IChannelInteractor.swift; sourceTree = "<group>"; };
		91100AC12427E909001259F1 /* IMessagesInteractor.swift */ = {isa = PBXFileReference; lastKnownFileType = sourcecode.swift; path = IMessagesInteractor.swift; sourceTree = "<group>"; };
		91100AC32427E985001259F1 /* MessagesDataManager.swift */ = {isa = PBXFileReference; lastKnownFileType = sourcecode.swift; path = MessagesDataManager.swift; sourceTree = "<group>"; };
		911015CD241E3F60002CB9AB /* Extension.swift */ = {isa = PBXFileReference; lastKnownFileType = sourcecode.swift; path = Extension.swift; sourceTree = "<group>"; };
		911015D0241E74C8002CB9AB /* GCDDataManager.swift */ = {isa = PBXFileReference; lastKnownFileType = sourcecode.swift; path = GCDDataManager.swift; sourceTree = "<group>"; };
		911015D2241E74DE002CB9AB /* OperationDataManager.swift */ = {isa = PBXFileReference; lastKnownFileType = sourcecode.swift; path = OperationDataManager.swift; sourceTree = "<group>"; };
		911015D6241E7CE6002CB9AB /* IProfile.swift */ = {isa = PBXFileReference; lastKnownFileType = sourcecode.swift; path = IProfile.swift; sourceTree = "<group>"; };
		911015D8241E868E002CB9AB /* IProfileInteractor.swift */ = {isa = PBXFileReference; lastKnownFileType = sourcecode.swift; path = IProfileInteractor.swift; sourceTree = "<group>"; };
		911015DA241E88DD002CB9AB /* ProfileDataManager.swift */ = {isa = PBXFileReference; lastKnownFileType = sourcecode.swift; path = ProfileDataManager.swift; sourceTree = "<group>"; };
		914241FC2443939E0045FCE4 /* MessagesFirebaseRequester.swift */ = {isa = PBXFileReference; lastKnownFileType = sourcecode.swift; path = MessagesFirebaseRequester.swift; sourceTree = "<group>"; };
		914241FE244395C10045FCE4 /* ConversationFirebaseRequester.swift */ = {isa = PBXFileReference; lastKnownFileType = sourcecode.swift; path = ConversationFirebaseRequester.swift; sourceTree = "<group>"; };
		9162E485242E6E6500DA5386 /* StorageManager.swift */ = {isa = PBXFileReference; lastKnownFileType = sourcecode.swift; path = StorageManager.swift; sourceTree = "<group>"; };
		9162E488242E707200DA5386 /* CoreDataStack.swift */ = {isa = PBXFileReference; lastKnownFileType = sourcecode.swift; path = CoreDataStack.swift; sourceTree = "<group>"; };
		9162E48B242E781500DA5386 /* DataModel.xcdatamodel */ = {isa = PBXFileReference; lastKnownFileType = wrapper.xcdatamodel; path = DataModel.xcdatamodel; sourceTree = "<group>"; };
		9162E48E2430811900DA5386 /* AppUser.swift */ = {isa = PBXFileReference; lastKnownFileType = sourcecode.swift; path = AppUser.swift; sourceTree = "<group>"; };
		917492962439D48E009597ED /* Conversation.swift */ = {isa = PBXFileReference; lastKnownFileType = sourcecode.swift; path = Conversation.swift; sourceTree = "<group>"; };
		917492982439D4B5009597ED /* ConversationFetchRequester.swift */ = {isa = PBXFileReference; lastKnownFileType = sourcecode.swift; path = ConversationFetchRequester.swift; sourceTree = "<group>"; };
		9174929A2439D7A7009597ED /* Message.swift */ = {isa = PBXFileReference; lastKnownFileType = sourcecode.swift; path = Message.swift; sourceTree = "<group>"; };
		917492B22439DF7B009597ED /* MessageFetchRequester.swift */ = {isa = PBXFileReference; lastKnownFileType = sourcecode.swift; path = MessageFetchRequester.swift; sourceTree = "<group>"; };
		917492B4243A39D0009597ED /* GoogleService-Info.plist */ = {isa = PBXFileReference; fileEncoding = 4; lastKnownFileType = text.plist.xml; path = "GoogleService-Info.plist"; sourceTree = "<group>"; };
		9185F3F023F5A5DF00A1F845 /* HomeworkTinkoffMessages.app */ = {isa = PBXFileReference; explicitFileType = wrapper.application; includeInIndex = 0; path = HomeworkTinkoffMessages.app; sourceTree = BUILT_PRODUCTS_DIR; };
		9185F3F323F5A5DF00A1F845 /* AppDelegate.swift */ = {isa = PBXFileReference; lastKnownFileType = sourcecode.swift; path = AppDelegate.swift; sourceTree = "<group>"; };
		9185F3FA23F5A5DF00A1F845 /* Base */ = {isa = PBXFileReference; lastKnownFileType = file.storyboard; name = Base; path = Base.lproj/Main.storyboard; sourceTree = "<group>"; };
		9185F3FC23F5A5E400A1F845 /* Assets.xcassets */ = {isa = PBXFileReference; lastKnownFileType = folder.assetcatalog; path = Assets.xcassets; sourceTree = "<group>"; };
		9185F3FF23F5A5E400A1F845 /* Base */ = {isa = PBXFileReference; lastKnownFileType = file.storyboard; name = Base; path = Base.lproj/LaunchScreen.storyboard; sourceTree = "<group>"; };
		9185F40123F5A5E400A1F845 /* Info.plist */ = {isa = PBXFileReference; lastKnownFileType = text.plist.xml; path = Info.plist; sourceTree = "<group>"; };
		919A327C244B7496006DA9D9 /* ImageRequestsStorageParser.swift */ = {isa = PBXFileReference; fileEncoding = 4; lastKnownFileType = sourcecode.swift; path = ImageRequestsStorageParser.swift; sourceTree = "<group>"; };
		919A327D244B7496006DA9D9 /* RequestConfig.swift */ = {isa = PBXFileReference; fileEncoding = 4; lastKnownFileType = sourcecode.swift; path = RequestConfig.swift; sourceTree = "<group>"; };
		919A327E244B7496006DA9D9 /* Requests.swift */ = {isa = PBXFileReference; fileEncoding = 4; lastKnownFileType = sourcecode.swift; path = Requests.swift; sourceTree = "<group>"; };
		919A327F244B7496006DA9D9 /* RequestSender.swift */ = {isa = PBXFileReference; fileEncoding = 4; lastKnownFileType = sourcecode.swift; path = RequestSender.swift; sourceTree = "<group>"; };
		919A3280244B7497006DA9D9 /* RequestsFactory.swift */ = {isa = PBXFileReference; fileEncoding = 4; lastKnownFileType = sourcecode.swift; path = RequestsFactory.swift; sourceTree = "<group>"; };
		919A3281244B7497006DA9D9 /* ImageProvider.swift */ = {isa = PBXFileReference; fileEncoding = 4; lastKnownFileType = sourcecode.swift; path = ImageProvider.swift; sourceTree = "<group>"; };
		919A329C244C991D006DA9D9 /* NetworkManager.swift */ = {isa = PBXFileReference; fileEncoding = 4; lastKnownFileType = sourcecode.swift; path = NetworkManager.swift; sourceTree = "<group>"; };
		919A329D244C991D006DA9D9 /* ImageDownloadManager.swift */ = {isa = PBXFileReference; fileEncoding = 4; lastKnownFileType = sourcecode.swift; path = ImageDownloadManager.swift; sourceTree = "<group>"; };
		919A32A0244C9C10006DA9D9 /* RootAssembly.swift */ = {isa = PBXFileReference; fileEncoding = 4; lastKnownFileType = sourcecode.swift; path = RootAssembly.swift; sourceTree = "<group>"; };
		919A32A3244C9C2B006DA9D9 /* PresentationAssembly.swift */ = {isa = PBXFileReference; fileEncoding = 4; lastKnownFileType = sourcecode.swift; path = PresentationAssembly.swift; sourceTree = "<group>"; };
		919A32A6244C9C54006DA9D9 /* CoreAssembly.swift */ = {isa = PBXFileReference; fileEncoding = 4; lastKnownFileType = sourcecode.swift; path = CoreAssembly.swift; sourceTree = "<group>"; };
		919A32A9244C9C5F006DA9D9 /* ServiceAssembly.swift */ = {isa = PBXFileReference; fileEncoding = 4; lastKnownFileType = sourcecode.swift; path = ServiceAssembly.swift; sourceTree = "<group>"; };
		919A32B1244CA0A7006DA9D9 /* LoaderImageViewController.swift */ = {isa = PBXFileReference; fileEncoding = 4; lastKnownFileType = sourcecode.swift; path = LoaderImageViewController.swift; sourceTree = "<group>"; };
		919A32B3244CA0A7006DA9D9 /* LoaderImageVC+CollectionViewFlow.swift */ = {isa = PBXFileReference; fileEncoding = 4; lastKnownFileType = sourcecode.swift; path = "LoaderImageVC+CollectionViewFlow.swift"; sourceTree = "<group>"; };
		919A32B4244CA0A7006DA9D9 /* LoaderImageVC+CVDataSource.swift */ = {isa = PBXFileReference; fileEncoding = 4; lastKnownFileType = sourcecode.swift; path = "LoaderImageVC+CVDataSource.swift"; sourceTree = "<group>"; };
		919A32B5244CA0A7006DA9D9 /* LoadImageVC+CVDelegate.swift */ = {isa = PBXFileReference; fileEncoding = 4; lastKnownFileType = sourcecode.swift; path = "LoadImageVC+CVDelegate.swift"; sourceTree = "<group>"; };
		919A32B7244CA0A7006DA9D9 /* LoaderImageInteractor.swift */ = {isa = PBXFileReference; fileEncoding = 4; lastKnownFileType = sourcecode.swift; path = LoaderImageInteractor.swift; sourceTree = "<group>"; };
		919A32B8244CA0A7006DA9D9 /* DownloadImage.swift */ = {isa = PBXFileReference; fileEncoding = 4; lastKnownFileType = sourcecode.swift; path = DownloadImage.swift; sourceTree = "<group>"; };
		919A32BA244CA0A7006DA9D9 /* DownloadImageCollectionViewCell.swift */ = {isa = PBXFileReference; fileEncoding = 4; lastKnownFileType = sourcecode.swift; path = DownloadImageCollectionViewCell.swift; sourceTree = "<group>"; };
		C315178FE7CF45F8AB8475AE /* Pods-HomeworkTinkoffMessages.release.xcconfig */ = {isa = PBXFileReference; includeInIndex = 1; lastKnownFileType = text.xcconfig; name = "Pods-HomeworkTinkoffMessages.release.xcconfig"; path = "Target Support Files/Pods-HomeworkTinkoffMessages/Pods-HomeworkTinkoffMessages.release.xcconfig"; sourceTree = "<group>"; };
/* End PBXFileReference section */

/* Begin PBXFrameworksBuildPhase section */
		9185F3ED23F5A5DF00A1F845 /* Frameworks */ = {
			isa = PBXFrameworksBuildPhase;
			buildActionMask = 2147483647;
			files = (
				A30D665289ED832AAD981AD7 /* Pods_HomeworkTinkoffMessages.framework in Frameworks */,
			);
			runOnlyForDeploymentPostprocessing = 0;
		};
/* End PBXFrameworksBuildPhase section */

/* Begin PBXGroup section */
		0333A991D0E24A6BAF5DD99E /* Pods */ = {
			isa = PBXGroup;
			children = (
				26CF9D318EBC4DF2F6938F67 /* Pods-HomeworkTinkoffMessages.debug.xcconfig */,
				C315178FE7CF45F8AB8475AE /* Pods-HomeworkTinkoffMessages.release.xcconfig */,
			);
			path = Pods;
			sourceTree = "<group>";
		};
		3C7A2B3D028370B389005362 /* Frameworks */ = {
			isa = PBXGroup;
			children = (
				41E4D7877B9B3360ECA48B08 /* Pods_HomeworkTinkoffMessages.framework */,
			);
			name = Frameworks;
			sourceTree = "<group>";
		};
		91100ABA2427DC95001259F1 /* Profile */ = {
			isa = PBXGroup;
			children = (
				911015D0241E74C8002CB9AB /* GCDDataManager.swift */,
				911015DA241E88DD002CB9AB /* ProfileDataManager.swift */,
				911015D2241E74DE002CB9AB /* OperationDataManager.swift */,
				9162E485242E6E6500DA5386 /* StorageManager.swift */,
			);
			path = Profile;
			sourceTree = "<group>";
		};
		91100ABB2427DC9D001259F1 /* Contacts */ = {
			isa = PBXGroup;
			children = (
				91100ABD2427DCC1001259F1 /* ChannelsDataManager.swift */,
			);
			path = Contacts;
			sourceTree = "<group>";
		};
		91100ABC2427DCAB001259F1 /* Messages */ = {
			isa = PBXGroup;
			children = (
				91100AC32427E985001259F1 /* MessagesDataManager.swift */,
			);
			path = Messages;
			sourceTree = "<group>";
		};
		911015CF241E7485002CB9AB /* DataManager */ = {
			isa = PBXGroup;
			children = (
				91100ABC2427DCAB001259F1 /* Messages */,
				91100ABB2427DC9D001259F1 /* Contacts */,
				91100ABA2427DC95001259F1 /* Profile */,
			);
			path = DataManager;
			sourceTree = "<group>";
		};
		914241E524436FDB0045FCE4 /* SupportFiles */ = {
			isa = PBXGroup;
			children = (
				9185F3FC23F5A5E400A1F845 /* Assets.xcassets */,
				911015CD241E3F60002CB9AB /* Extension.swift */,
				91100AB32427C19D001259F1 /* Constant.swift */,
				917492B4243A39D0009597ED /* GoogleService-Info.plist */,
			);
			path = SupportFiles;
			sourceTree = "<group>";
		};
		914241E6244370BB0045FCE4 /* Modules */ = {
			isa = PBXGroup;
			children = (
				919A32AF244CA0A7006DA9D9 /* LoaderImageViewController */,
				914241F3244371E30045FCE4 /* NewChannelViewController */,
				914241EC244370F20045FCE4 /* ProfileViewController */,
				914241EB244370E30045FCE4 /* ConversationViewController */,
				914241E7244370C20045FCE4 /* ConversationListViewController */,
			);
			path = Modules;
			sourceTree = "<group>";
		};
		914241E7244370C20045FCE4 /* ConversationListViewController */ = {
			isa = PBXGroup;
			children = (
				914241E9244370CB0045FCE4 /* View */,
				914241EA244370D10045FCE4 /* Controller */,
				914241E8244370C60045FCE4 /* Model */,
			);
			path = ConversationListViewController;
			sourceTree = "<group>";
		};
		914241E8244370C60045FCE4 /* Model */ = {
			isa = PBXGroup;
			children = (
				910A8209240BF95400106559 /* ConfigurationCellModel.swift */,
				91100ABF2427E08A001259F1 /* IChannelInteractor.swift */,
			);
			path = Model;
			sourceTree = "<group>";
		};
		914241E9244370CB0045FCE4 /* View */ = {
			isa = PBXGroup;
			children = (
				910A8213240BF95400106559 /* ConversationCell.swift */,
				910A820E240BF95400106559 /* ConversationCell.xib */,
			);
			path = View;
			sourceTree = "<group>";
		};
		914241EA244370D10045FCE4 /* Controller */ = {
			isa = PBXGroup;
			children = (
				910A8214240BF95400106559 /* ConversationsListViewController.swift */,
			);
			path = Controller;
			sourceTree = "<group>";
		};
		914241EB244370E30045FCE4 /* ConversationViewController */ = {
			isa = PBXGroup;
			children = (
				914241F22443711C0045FCE4 /* Controller */,
				914241F1244371190045FCE4 /* View */,
				914241F0244371150045FCE4 /* Model */,
			);
			path = ConversationViewController;
			sourceTree = "<group>";
		};
		914241EC244370F20045FCE4 /* ProfileViewController */ = {
			isa = PBXGroup;
			children = (
				914241EF2443710E0045FCE4 /* Controller */,
				914241EE2443710B0045FCE4 /* View */,
				914241ED244371040045FCE4 /* Model */,
			);
			path = ProfileViewController;
			sourceTree = "<group>";
		};
		914241ED244371040045FCE4 /* Model */ = {
			isa = PBXGroup;
			children = (
				911015D6241E7CE6002CB9AB /* IProfile.swift */,
				911015D8241E868E002CB9AB /* IProfileInteractor.swift */,
			);
			path = Model;
			sourceTree = "<group>";
		};
		914241EE2443710B0045FCE4 /* View */ = {
			isa = PBXGroup;
			children = (
			);
			path = View;
			sourceTree = "<group>";
		};
		914241EF2443710E0045FCE4 /* Controller */ = {
			isa = PBXGroup;
			children = (
				910A8208240BF95300106559 /* ProfileViewController.swift */,
			);
			path = Controller;
			sourceTree = "<group>";
		};
		914241F0244371150045FCE4 /* Model */ = {
			isa = PBXGroup;
			children = (
				910A820D240BF95400106559 /* MessageCellModel.swift */,
				91100AC12427E909001259F1 /* IMessagesInteractor.swift */,
			);
			path = Model;
			sourceTree = "<group>";
		};
		914241F1244371190045FCE4 /* View */ = {
			isa = PBXGroup;
			children = (
				910A820F240BF95400106559 /* MessageCell.swift */,
				910A8215240BF95400106559 /* MessageCell.xib */,
			);
			path = View;
			sourceTree = "<group>";
		};
		914241F22443711C0045FCE4 /* Controller */ = {
			isa = PBXGroup;
			children = (
				910A820A240BF95400106559 /* ConversationViewController.swift */,
			);
			path = Controller;
			sourceTree = "<group>";
		};
		914241F3244371E30045FCE4 /* NewChannelViewController */ = {
			isa = PBXGroup;
			children = (
				914241F6244371F40045FCE4 /* Controller */,
				914241F5244371F00045FCE4 /* View */,
				914241F4244371ED0045FCE4 /* Model */,
			);
			path = NewChannelViewController;
			sourceTree = "<group>";
		};
		914241F4244371ED0045FCE4 /* Model */ = {
			isa = PBXGroup;
			children = (
			);
			path = Model;
			sourceTree = "<group>";
		};
		914241F5244371F00045FCE4 /* View */ = {
			isa = PBXGroup;
			children = (
				91100AB62427C710001259F1 /* NewChannelViewController.xib */,
			);
			path = View;
			sourceTree = "<group>";
		};
		914241F6244371F40045FCE4 /* Controller */ = {
			isa = PBXGroup;
			children = (
				91100AB52427C710001259F1 /* NewChannelViewController.swift */,
			);
			path = Controller;
			sourceTree = "<group>";
		};
		914241F9244377550045FCE4 /* Protocols */ = {
			isa = PBXGroup;
			children = (
				910A820B240BF95400106559 /* ConfigurableView.swift */,
			);
			path = Protocols;
			sourceTree = "<group>";
		};
		914241FA2443936D0045FCE4 /* Firebase */ = {
			isa = PBXGroup;
			children = (
				914241FC2443939E0045FCE4 /* MessagesFirebaseRequester.swift */,
				914241FE244395C10045FCE4 /* ConversationFirebaseRequester.swift */,
			);
			path = Firebase;
			sourceTree = "<group>";
		};
		9162E487242E705500DA5386 /* CoreLayer */ = {
			isa = PBXGroup;
			children = (
				919A32A5244C9C54006DA9D9 /* Assembly */,
				919A327B244B7470006DA9D9 /* Network Layer */,
				914241FA2443936D0045FCE4 /* Firebase */,
				917492952439D46C009597ED /* Models extension */,
				9162E488242E707200DA5386 /* CoreDataStack.swift */,
				9162E48A242E781500DA5386 /* DataModel.xcdatamodeld */,
				917492982439D4B5009597ED /* ConversationFetchRequester.swift */,
				917492B22439DF7B009597ED /* MessageFetchRequester.swift */,
			);
			path = CoreLayer;
			sourceTree = "<group>";
		};
		916E5C9A2427F62C006362E5 /* Presentation */ = {
			isa = PBXGroup;
			children = (
				919A32A2244C9C2B006DA9D9 /* Assembly */,
				914241F9244377550045FCE4 /* Protocols */,
				914241E6244370BB0045FCE4 /* Modules */,
				9185F3FE23F5A5E400A1F845 /* LaunchScreen.storyboard */,
				9185F3F923F5A5DF00A1F845 /* Main.storyboard */,
			);
			path = Presentation;
			sourceTree = "<group>";
		};
		916E5C9B2427F639006362E5 /* Services */ = {
			isa = PBXGroup;
			children = (
				919A32A8244C9C5F006DA9D9 /* Assembly */,
				919A329B244C991D006DA9D9 /* Network */,
				911015CF241E7485002CB9AB /* DataManager */,
			);
			path = Services;
			sourceTree = "<group>";
		};
		917492952439D46C009597ED /* Models extension */ = {
			isa = PBXGroup;
			children = (
				9162E48E2430811900DA5386 /* AppUser.swift */,
				917492962439D48E009597ED /* Conversation.swift */,
				9174929A2439D7A7009597ED /* Message.swift */,
			);
			path = "Models extension";
			sourceTree = "<group>";
		};
		9185F3E723F5A5DF00A1F845 = {
			isa = PBXGroup;
			children = (
				9185F3F223F5A5DF00A1F845 /* HomeworkTinkoffMessages */,
				9185F3F123F5A5DF00A1F845 /* Products */,
				0333A991D0E24A6BAF5DD99E /* Pods */,
				3C7A2B3D028370B389005362 /* Frameworks */,
			);
			sourceTree = "<group>";
		};
		9185F3F123F5A5DF00A1F845 /* Products */ = {
			isa = PBXGroup;
			children = (
				9185F3F023F5A5DF00A1F845 /* HomeworkTinkoffMessages.app */,
			);
			name = Products;
			sourceTree = "<group>";
		};
		9185F3F223F5A5DF00A1F845 /* HomeworkTinkoffMessages */ = {
			isa = PBXGroup;
			children = (
				9162E487242E705500DA5386 /* CoreLayer */,
				916E5C9B2427F639006362E5 /* Services */,
				916E5C9A2427F62C006362E5 /* Presentation */,
				9185F3F323F5A5DF00A1F845 /* AppDelegate.swift */,
				919A32A0244C9C10006DA9D9 /* RootAssembly.swift */,
				9185F40123F5A5E400A1F845 /* Info.plist */,
				914241E524436FDB0045FCE4 /* SupportFiles */,
			);
			path = HomeworkTinkoffMessages;
			sourceTree = "<group>";
		};
		919A327B244B7470006DA9D9 /* Network Layer */ = {
			isa = PBXGroup;
			children = (
				919A3281244B7497006DA9D9 /* ImageProvider.swift */,
				919A327C244B7496006DA9D9 /* ImageRequestsStorageParser.swift */,
				919A327D244B7496006DA9D9 /* RequestConfig.swift */,
				919A327E244B7496006DA9D9 /* Requests.swift */,
				919A327F244B7496006DA9D9 /* RequestSender.swift */,
				919A3280244B7497006DA9D9 /* RequestsFactory.swift */,
			);
			path = "Network Layer";
			sourceTree = "<group>";
		};
		919A329B244C991D006DA9D9 /* Network */ = {
			isa = PBXGroup;
			children = (
				919A329C244C991D006DA9D9 /* NetworkManager.swift */,
				919A329D244C991D006DA9D9 /* ImageDownloadManager.swift */,
			);
			path = Network;
			sourceTree = "<group>";
		};
		919A32A2244C9C2B006DA9D9 /* Assembly */ = {
			isa = PBXGroup;
			children = (
				919A32A3244C9C2B006DA9D9 /* PresentationAssembly.swift */,
			);
			path = Assembly;
			sourceTree = "<group>";
		};
		919A32A5244C9C54006DA9D9 /* Assembly */ = {
			isa = PBXGroup;
			children = (
				919A32A6244C9C54006DA9D9 /* CoreAssembly.swift */,
			);
			path = Assembly;
			sourceTree = "<group>";
		};
		919A32A8244C9C5F006DA9D9 /* Assembly */ = {
			isa = PBXGroup;
			children = (
				919A32A9244C9C5F006DA9D9 /* ServiceAssembly.swift */,
			);
			path = Assembly;
			sourceTree = "<group>";
		};
		919A32AF244CA0A7006DA9D9 /* LoaderImageViewController */ = {
			isa = PBXGroup;
			children = (
				919A32B0244CA0A7006DA9D9 /* Controller */,
				919A32B6244CA0A7006DA9D9 /* Model */,
				919A32B9244CA0A7006DA9D9 /* View */,
			);
			path = LoaderImageViewController;
			sourceTree = "<group>";
		};
		919A32B0244CA0A7006DA9D9 /* Controller */ = {
			isa = PBXGroup;
			children = (
				919A32B1244CA0A7006DA9D9 /* LoaderImageViewController.swift */,
				919A32B2244CA0A7006DA9D9 /* CV extensions */,
			);
			path = Controller;
			sourceTree = "<group>";
		};
		919A32B2244CA0A7006DA9D9 /* CV extensions */ = {
			isa = PBXGroup;
			children = (
				919A32B3244CA0A7006DA9D9 /* LoaderImageVC+CollectionViewFlow.swift */,
				919A32B4244CA0A7006DA9D9 /* LoaderImageVC+CVDataSource.swift */,
				919A32B5244CA0A7006DA9D9 /* LoadImageVC+CVDelegate.swift */,
			);
			path = "CV extensions";
			sourceTree = "<group>";
		};
		919A32B6244CA0A7006DA9D9 /* Model */ = {
			isa = PBXGroup;
			children = (
				919A32B7244CA0A7006DA9D9 /* LoaderImageInteractor.swift */,
				919A32B8244CA0A7006DA9D9 /* DownloadImage.swift */,
			);
			path = Model;
			sourceTree = "<group>";
		};
		919A32B9244CA0A7006DA9D9 /* View */ = {
			isa = PBXGroup;
			children = (
				919A32BA244CA0A7006DA9D9 /* DownloadImageCollectionViewCell.swift */,
			);
			path = View;
			sourceTree = "<group>";
		};
/* End PBXGroup section */

/* Begin PBXNativeTarget section */
		9185F3EF23F5A5DF00A1F845 /* HomeworkTinkoffMessages */ = {
			isa = PBXNativeTarget;
			buildConfigurationList = 9185F40423F5A5E400A1F845 /* Build configuration list for PBXNativeTarget "HomeworkTinkoffMessages" */;
			buildPhases = (
				9162E48D242F5AAA00DA5386 /* ShellScript */,
				7C3C623859ABB823C7A5B888 /* [CP] Check Pods Manifest.lock */,
				9185F3EC23F5A5DF00A1F845 /* Sources */,
				9185F3ED23F5A5DF00A1F845 /* Frameworks */,
				9185F3EE23F5A5DF00A1F845 /* Resources */,
				8664F9D6A8C012BA18B8B043 /* [CP] Embed Pods Frameworks */,
			);
			buildRules = (
			);
			dependencies = (
			);
			name = HomeworkTinkoffMessages;
			productName = HomeworkTinkoffMessages;
			productReference = 9185F3F023F5A5DF00A1F845 /* HomeworkTinkoffMessages.app */;
			productType = "com.apple.product-type.application";
		};
/* End PBXNativeTarget section */

/* Begin PBXProject section */
		9185F3E823F5A5DF00A1F845 /* Project object */ = {
			isa = PBXProject;
			attributes = {
				LastSwiftUpdateCheck = 1130;
				LastUpgradeCheck = 1130;
				ORGANIZATIONNAME = "Олег Герман";
				TargetAttributes = {
					9185F3EF23F5A5DF00A1F845 = {
						CreatedOnToolsVersion = 11.3;
					};
				};
			};
			buildConfigurationList = 9185F3EB23F5A5DF00A1F845 /* Build configuration list for PBXProject "HomeworkTinkoffMessages" */;
			compatibilityVersion = "Xcode 9.3";
			developmentRegion = en;
			hasScannedForEncodings = 0;
			knownRegions = (
				en,
				Base,
			);
			mainGroup = 9185F3E723F5A5DF00A1F845;
			productRefGroup = 9185F3F123F5A5DF00A1F845 /* Products */;
			projectDirPath = "";
			projectRoot = "";
			targets = (
				9185F3EF23F5A5DF00A1F845 /* HomeworkTinkoffMessages */,
			);
		};
/* End PBXProject section */

/* Begin PBXResourcesBuildPhase section */
		9185F3EE23F5A5DF00A1F845 /* Resources */ = {
			isa = PBXResourcesBuildPhase;
			buildActionMask = 2147483647;
			files = (
				9185F40023F5A5E400A1F845 /* LaunchScreen.storyboard in Resources */,
				910A8223240BF95500106559 /* MessageCell.xib in Resources */,
				9185F3FD23F5A5E400A1F845 /* Assets.xcassets in Resources */,
				91100AB82427C710001259F1 /* NewChannelViewController.xib in Resources */,
				9185F3FB23F5A5DF00A1F845 /* Main.storyboard in Resources */,
				917492B5243A39D0009597ED /* GoogleService-Info.plist in Resources */,
				910A821C240BF95500106559 /* ConversationCell.xib in Resources */,
			);
			runOnlyForDeploymentPostprocessing = 0;
		};
/* End PBXResourcesBuildPhase section */

/* Begin PBXShellScriptBuildPhase section */
		7C3C623859ABB823C7A5B888 /* [CP] Check Pods Manifest.lock */ = {
			isa = PBXShellScriptBuildPhase;
			buildActionMask = 2147483647;
			files = (
			);
			inputFileListPaths = (
			);
			inputPaths = (
				"${PODS_PODFILE_DIR_PATH}/Podfile.lock",
				"${PODS_ROOT}/Manifest.lock",
			);
			name = "[CP] Check Pods Manifest.lock";
			outputFileListPaths = (
			);
			outputPaths = (
				"$(DERIVED_FILE_DIR)/Pods-HomeworkTinkoffMessages-checkManifestLockResult.txt",
			);
			runOnlyForDeploymentPostprocessing = 0;
			shellPath = /bin/sh;
			shellScript = "diff \"${PODS_PODFILE_DIR_PATH}/Podfile.lock\" \"${PODS_ROOT}/Manifest.lock\" > /dev/null\nif [ $? != 0 ] ; then\n    # print error to STDERR\n    echo \"error: The sandbox is not in sync with the Podfile.lock. Run 'pod install' or update your CocoaPods installation.\" >&2\n    exit 1\nfi\n# This output is used by Xcode 'outputs' to avoid re-running this script phase.\necho \"SUCCESS\" > \"${SCRIPT_OUTPUT_FILE_0}\"\n";
			showEnvVarsInLog = 0;
		};
		8664F9D6A8C012BA18B8B043 /* [CP] Embed Pods Frameworks */ = {
			isa = PBXShellScriptBuildPhase;
			buildActionMask = 2147483647;
			files = (
			);
			inputFileListPaths = (
				"${PODS_ROOT}/Target Support Files/Pods-HomeworkTinkoffMessages/Pods-HomeworkTinkoffMessages-frameworks-${CONFIGURATION}-input-files.xcfilelist",
			);
			name = "[CP] Embed Pods Frameworks";
			outputFileListPaths = (
				"${PODS_ROOT}/Target Support Files/Pods-HomeworkTinkoffMessages/Pods-HomeworkTinkoffMessages-frameworks-${CONFIGURATION}-output-files.xcfilelist",
			);
			runOnlyForDeploymentPostprocessing = 0;
			shellPath = /bin/sh;
			shellScript = "\"${PODS_ROOT}/Target Support Files/Pods-HomeworkTinkoffMessages/Pods-HomeworkTinkoffMessages-frameworks.sh\"\n";
			showEnvVarsInLog = 0;
		};
		9162E48D242F5AAA00DA5386 /* ShellScript */ = {
			isa = PBXShellScriptBuildPhase;
			buildActionMask = 2147483647;
			files = (
			);
			inputFileListPaths = (
			);
			inputPaths = (
			);
			outputFileListPaths = (
			);
			outputPaths = (
			);
			runOnlyForDeploymentPostprocessing = 0;
			shellPath = /bin/sh;
			shellScript = "\"${PODS_ROOT}/SwiftLint/swiftlint\"\n";
		};
/* End PBXShellScriptBuildPhase section */

/* Begin PBXSourcesBuildPhase section */
		9185F3EC23F5A5DF00A1F845 /* Sources */ = {
			isa = PBXSourcesBuildPhase;
			buildActionMask = 2147483647;
			files = (
				917492992439D4B5009597ED /* ConversationFetchRequester.swift in Sources */,
				910A8217240BF95500106559 /* ConfigurationCellModel.swift in Sources */,
				919A3285244B7497006DA9D9 /* RequestSender.swift in Sources */,
				9162E489242E707200DA5386 /* CoreDataStack.swift in Sources */,
				911015D3241E74DE002CB9AB /* OperationDataManager.swift in Sources */,
				911015D9241E868E002CB9AB /* IProfileInteractor.swift in Sources */,
				91100AB42427C19D001259F1 /* Constant.swift in Sources */,
				910A8222240BF95500106559 /* ConversationsListViewController.swift in Sources */,
				914241FD2443939E0045FCE4 /* MessagesFirebaseRequester.swift in Sources */,
				910A821D240BF95500106559 /* MessageCell.swift in Sources */,
				919A3284244B7497006DA9D9 /* Requests.swift in Sources */,
				919A32BB244CA0A7006DA9D9 /* LoaderImageViewController.swift in Sources */,
				910A8216240BF95500106559 /* ProfileViewController.swift in Sources */,
				919A32AA244C9C5F006DA9D9 /* ServiceAssembly.swift in Sources */,
				91100ABE2427DCC1001259F1 /* ChannelsDataManager.swift in Sources */,
				9162E48C242E781500DA5386 /* DataModel.xcdatamodeld in Sources */,
				911015CE241E3F60002CB9AB /* Extension.swift in Sources */,
				9162E48F2430811900DA5386 /* AppUser.swift in Sources */,
				919A32C1244CA0A7006DA9D9 /* DownloadImageCollectionViewCell.swift in Sources */,
				9174929B2439D7A7009597ED /* Message.swift in Sources */,
				917492972439D48E009597ED /* Conversation.swift in Sources */,
				919A32BD244CA0A7006DA9D9 /* LoaderImageVC+CVDataSource.swift in Sources */,
				91100AC02427E08A001259F1 /* IChannelInteractor.swift in Sources */,
				919A32A1244C9C10006DA9D9 /* RootAssembly.swift in Sources */,
				919A3283244B7497006DA9D9 /* RequestConfig.swift in Sources */,
				919A3286244B7497006DA9D9 /* RequestsFactory.swift in Sources */,
				919A32A7244C9C54006DA9D9 /* CoreAssembly.swift in Sources */,
				919A32BE244CA0A7006DA9D9 /* LoadImageVC+CVDelegate.swift in Sources */,
				919A32BF244CA0A7006DA9D9 /* LoaderImageInteractor.swift in Sources */,
				91100AB72427C710001259F1 /* NewChannelViewController.swift in Sources */,
				919A3287244B7497006DA9D9 /* ImageProvider.swift in Sources */,
				919A32C0244CA0A7006DA9D9 /* DownloadImage.swift in Sources */,
				919A329E244C991D006DA9D9 /* NetworkManager.swift in Sources */,
				919A32BC244CA0A7006DA9D9 /* LoaderImageVC+CollectionViewFlow.swift in Sources */,
				910A8218240BF95500106559 /* ConversationViewController.swift in Sources */,
				91100AC22427E909001259F1 /* IMessagesInteractor.swift in Sources */,
				9162E486242E6E6500DA5386 /* StorageManager.swift in Sources */,
				911015D1241E74C8002CB9AB /* GCDDataManager.swift in Sources */,
				919A32A4244C9C2B006DA9D9 /* PresentationAssembly.swift in Sources */,
				911015DB241E88DD002CB9AB /* ProfileDataManager.swift in Sources */,
				910A8219240BF95500106559 /* ConfigurableView.swift in Sources */,
				919A3282244B7497006DA9D9 /* ImageRequestsStorageParser.swift in Sources */,
				91100AC42427E985001259F1 /* MessagesDataManager.swift in Sources */,
				9185F3F423F5A5DF00A1F845 /* AppDelegate.swift in Sources */,
				919A329F244C991D006DA9D9 /* ImageDownloadManager.swift in Sources */,
				910A821B240BF95500106559 /* MessageCellModel.swift in Sources */,
				917492B32439DF7B009597ED /* MessageFetchRequester.swift in Sources */,
				910A8221240BF95500106559 /* ConversationCell.swift in Sources */,
				911015D7241E7CE6002CB9AB /* IProfile.swift in Sources */,
				914241FF244395C10045FCE4 /* ConversationFirebaseRequester.swift in Sources */,
			);
			runOnlyForDeploymentPostprocessing = 0;
		};
/* End PBXSourcesBuildPhase section */

/* Begin PBXVariantGroup section */
		9185F3F923F5A5DF00A1F845 /* Main.storyboard */ = {
			isa = PBXVariantGroup;
			children = (
				9185F3FA23F5A5DF00A1F845 /* Base */,
			);
			name = Main.storyboard;
			sourceTree = "<group>";
		};
		9185F3FE23F5A5E400A1F845 /* LaunchScreen.storyboard */ = {
			isa = PBXVariantGroup;
			children = (
				9185F3FF23F5A5E400A1F845 /* Base */,
			);
			name = LaunchScreen.storyboard;
			sourceTree = "<group>";
		};
/* End PBXVariantGroup section */

/* Begin XCBuildConfiguration section */
		9185F40223F5A5E400A1F845 /* Debug */ = {
			isa = XCBuildConfiguration;
			buildSettings = {
				ALWAYS_SEARCH_USER_PATHS = NO;
				CLANG_ANALYZER_NONNULL = YES;
				CLANG_ANALYZER_NUMBER_OBJECT_CONVERSION = YES_AGGRESSIVE;
				CLANG_CXX_LANGUAGE_STANDARD = "gnu++14";
				CLANG_CXX_LIBRARY = "libc++";
				CLANG_ENABLE_MODULES = YES;
				CLANG_ENABLE_OBJC_ARC = YES;
				CLANG_ENABLE_OBJC_WEAK = YES;
				CLANG_WARN_BLOCK_CAPTURE_AUTORELEASING = YES;
				CLANG_WARN_BOOL_CONVERSION = YES;
				CLANG_WARN_COMMA = YES;
				CLANG_WARN_CONSTANT_CONVERSION = YES;
				CLANG_WARN_DEPRECATED_OBJC_IMPLEMENTATIONS = YES;
				CLANG_WARN_DIRECT_OBJC_ISA_USAGE = YES_ERROR;
				CLANG_WARN_DOCUMENTATION_COMMENTS = YES;
				CLANG_WARN_EMPTY_BODY = YES;
				CLANG_WARN_ENUM_CONVERSION = YES;
				CLANG_WARN_INFINITE_RECURSION = YES;
				CLANG_WARN_INT_CONVERSION = YES;
				CLANG_WARN_NON_LITERAL_NULL_CONVERSION = YES;
				CLANG_WARN_OBJC_IMPLICIT_RETAIN_SELF = YES;
				CLANG_WARN_OBJC_LITERAL_CONVERSION = YES;
				CLANG_WARN_OBJC_ROOT_CLASS = YES_ERROR;
				CLANG_WARN_RANGE_LOOP_ANALYSIS = YES;
				CLANG_WARN_STRICT_PROTOTYPES = YES;
				CLANG_WARN_SUSPICIOUS_MOVE = YES;
				CLANG_WARN_UNGUARDED_AVAILABILITY = YES_AGGRESSIVE;
				CLANG_WARN_UNREACHABLE_CODE = YES;
				CLANG_WARN__DUPLICATE_METHOD_MATCH = YES;
				COPY_PHASE_STRIP = NO;
				DEBUG_INFORMATION_FORMAT = dwarf;
				ENABLE_STRICT_OBJC_MSGSEND = YES;
				ENABLE_TESTABILITY = YES;
				GCC_C_LANGUAGE_STANDARD = gnu11;
				GCC_DYNAMIC_NO_PIC = NO;
				GCC_NO_COMMON_BLOCKS = YES;
				GCC_OPTIMIZATION_LEVEL = 0;
				GCC_PREPROCESSOR_DEFINITIONS = (
					"DEBUG=1",
					"$(inherited)",
				);
				GCC_WARN_64_TO_32_BIT_CONVERSION = YES;
				GCC_WARN_ABOUT_RETURN_TYPE = YES_ERROR;
				GCC_WARN_UNDECLARED_SELECTOR = YES;
				GCC_WARN_UNINITIALIZED_AUTOS = YES_AGGRESSIVE;
				GCC_WARN_UNUSED_FUNCTION = YES;
				GCC_WARN_UNUSED_VARIABLE = YES;
				IPHONEOS_DEPLOYMENT_TARGET = 13.2;
				MTL_ENABLE_DEBUG_INFO = INCLUDE_SOURCE;
				MTL_FAST_MATH = YES;
				ONLY_ACTIVE_ARCH = YES;
				SDKROOT = iphoneos;
				SWIFT_ACTIVE_COMPILATION_CONDITIONS = DEBUG;
				SWIFT_OPTIMIZATION_LEVEL = "-Onone";
			};
			name = Debug;
		};
		9185F40323F5A5E400A1F845 /* Release */ = {
			isa = XCBuildConfiguration;
			buildSettings = {
				ALWAYS_SEARCH_USER_PATHS = NO;
				CLANG_ANALYZER_NONNULL = YES;
				CLANG_ANALYZER_NUMBER_OBJECT_CONVERSION = YES_AGGRESSIVE;
				CLANG_CXX_LANGUAGE_STANDARD = "gnu++14";
				CLANG_CXX_LIBRARY = "libc++";
				CLANG_ENABLE_MODULES = YES;
				CLANG_ENABLE_OBJC_ARC = YES;
				CLANG_ENABLE_OBJC_WEAK = YES;
				CLANG_WARN_BLOCK_CAPTURE_AUTORELEASING = YES;
				CLANG_WARN_BOOL_CONVERSION = YES;
				CLANG_WARN_COMMA = YES;
				CLANG_WARN_CONSTANT_CONVERSION = YES;
				CLANG_WARN_DEPRECATED_OBJC_IMPLEMENTATIONS = YES;
				CLANG_WARN_DIRECT_OBJC_ISA_USAGE = YES_ERROR;
				CLANG_WARN_DOCUMENTATION_COMMENTS = YES;
				CLANG_WARN_EMPTY_BODY = YES;
				CLANG_WARN_ENUM_CONVERSION = YES;
				CLANG_WARN_INFINITE_RECURSION = YES;
				CLANG_WARN_INT_CONVERSION = YES;
				CLANG_WARN_NON_LITERAL_NULL_CONVERSION = YES;
				CLANG_WARN_OBJC_IMPLICIT_RETAIN_SELF = YES;
				CLANG_WARN_OBJC_LITERAL_CONVERSION = YES;
				CLANG_WARN_OBJC_ROOT_CLASS = YES_ERROR;
				CLANG_WARN_RANGE_LOOP_ANALYSIS = YES;
				CLANG_WARN_STRICT_PROTOTYPES = YES;
				CLANG_WARN_SUSPICIOUS_MOVE = YES;
				CLANG_WARN_UNGUARDED_AVAILABILITY = YES_AGGRESSIVE;
				CLANG_WARN_UNREACHABLE_CODE = YES;
				CLANG_WARN__DUPLICATE_METHOD_MATCH = YES;
				COPY_PHASE_STRIP = NO;
				DEBUG_INFORMATION_FORMAT = "dwarf-with-dsym";
				ENABLE_NS_ASSERTIONS = NO;
				ENABLE_STRICT_OBJC_MSGSEND = YES;
				GCC_C_LANGUAGE_STANDARD = gnu11;
				GCC_NO_COMMON_BLOCKS = YES;
				GCC_WARN_64_TO_32_BIT_CONVERSION = YES;
				GCC_WARN_ABOUT_RETURN_TYPE = YES_ERROR;
				GCC_WARN_UNDECLARED_SELECTOR = YES;
				GCC_WARN_UNINITIALIZED_AUTOS = YES_AGGRESSIVE;
				GCC_WARN_UNUSED_FUNCTION = YES;
				GCC_WARN_UNUSED_VARIABLE = YES;
				IPHONEOS_DEPLOYMENT_TARGET = 13.2;
				MTL_ENABLE_DEBUG_INFO = NO;
				MTL_FAST_MATH = YES;
				SDKROOT = iphoneos;
				SWIFT_COMPILATION_MODE = wholemodule;
				SWIFT_OPTIMIZATION_LEVEL = "-O";
				VALIDATE_PRODUCT = YES;
			};
			name = Release;
		};
		9185F40523F5A5E400A1F845 /* Debug */ = {
			isa = XCBuildConfiguration;
			baseConfigurationReference = 26CF9D318EBC4DF2F6938F67 /* Pods-HomeworkTinkoffMessages.debug.xcconfig */;
			buildSettings = {
				ASSETCATALOG_COMPILER_APPICON_NAME = AppIcon;
				CODE_SIGN_STYLE = Automatic;
				DEVELOPMENT_TEAM = JXJ5VHYBLN;
				INFOPLIST_FILE = HomeworkTinkoffMessages/Info.plist;
				IPHONEOS_DEPLOYMENT_TARGET = 11.0;
				LD_RUNPATH_SEARCH_PATHS = (
					"$(inherited)",
					"@executable_path/Frameworks",
				);
				PRODUCT_BUNDLE_IDENTIFIER = ru.tinkoff.messenger;
				PRODUCT_NAME = "$(TARGET_NAME)";
				SWIFT_VERSION = 5.0;
				TARGETED_DEVICE_FAMILY = 1;
			};
			name = Debug;
		};
		9185F40623F5A5E400A1F845 /* Release */ = {
			isa = XCBuildConfiguration;
			baseConfigurationReference = C315178FE7CF45F8AB8475AE /* Pods-HomeworkTinkoffMessages.release.xcconfig */;
			buildSettings = {
				ASSETCATALOG_COMPILER_APPICON_NAME = AppIcon;
				CODE_SIGN_STYLE = Automatic;
				DEVELOPMENT_TEAM = JXJ5VHYBLN;
				INFOPLIST_FILE = HomeworkTinkoffMessages/Info.plist;
				IPHONEOS_DEPLOYMENT_TARGET = 11.0;
				LD_RUNPATH_SEARCH_PATHS = (
					"$(inherited)",
					"@executable_path/Frameworks",
				);
				PRODUCT_BUNDLE_IDENTIFIER = ru.tinkoff.messenger;
				PRODUCT_NAME = "$(TARGET_NAME)";
				SWIFT_VERSION = 5.0;
				TARGETED_DEVICE_FAMILY = 1;
			};
			name = Release;
		};
/* End XCBuildConfiguration section */

/* Begin XCConfigurationList section */
		9185F3EB23F5A5DF00A1F845 /* Build configuration list for PBXProject "HomeworkTinkoffMessages" */ = {
			isa = XCConfigurationList;
			buildConfigurations = (
				9185F40223F5A5E400A1F845 /* Debug */,
				9185F40323F5A5E400A1F845 /* Release */,
			);
			defaultConfigurationIsVisible = 0;
			defaultConfigurationName = Release;
		};
		9185F40423F5A5E400A1F845 /* Build configuration list for PBXNativeTarget "HomeworkTinkoffMessages" */ = {
			isa = XCConfigurationList;
			buildConfigurations = (
				9185F40523F5A5E400A1F845 /* Debug */,
				9185F40623F5A5E400A1F845 /* Release */,
			);
			defaultConfigurationIsVisible = 0;
			defaultConfigurationName = Release;
		};
/* End XCConfigurationList section */

/* Begin XCVersionGroup section */
		9162E48A242E781500DA5386 /* DataModel.xcdatamodeld */ = {
			isa = XCVersionGroup;
			children = (
				9162E48B242E781500DA5386 /* DataModel.xcdatamodel */,
			);
			currentVersion = 9162E48B242E781500DA5386 /* DataModel.xcdatamodel */;
			path = DataModel.xcdatamodeld;
			sourceTree = "<group>";
			versionGroupType = wrapper.xcdatamodel;
		};
/* End XCVersionGroup section */
	};
	rootObject = 9185F3E823F5A5DF00A1F845 /* Project object */;
}
