// !$*UTF8*$!
{
	archiveVersion = 1;
	classes = {
	};
	objectVersion = 51;
	objects = {

/* Begin PBXBuildFile section */
		910A8216240BF95500106559 /* ProfileViewController.swift in Sources */ = {isa = PBXBuildFile; fileRef = 910A8208240BF95300106559 /* ProfileViewController.swift */; };
		910A8217240BF95500106559 /* ConfigurationCellModel.swift in Sources */ = {isa = PBXBuildFile; fileRef = 910A8209240BF95400106559 /* ConfigurationCellModel.swift */; };
		910A8218240BF95500106559 /* ConversationViewController.swift in Sources */ = {isa = PBXBuildFile; fileRef = 910A820A240BF95400106559 /* ConversationViewController.swift */; };
		910A8219240BF95500106559 /* ConfigurableView.swift in Sources */ = {isa = PBXBuildFile; fileRef = 910A820B240BF95400106559 /* ConfigurableView.swift */; };
		910A821B240BF95500106559 /* MessageCellModel.swift in Sources */ = {isa = PBXBuildFile; fileRef = 910A820D240BF95400106559 /* MessageCellModel.swift */; };
		910A821C240BF95500106559 /* ConversationCell.xib in Resources */ = {isa = PBXBuildFile; fileRef = 910A820E240BF95400106559 /* ConversationCell.xib */; };
		910A821D240BF95500106559 /* MessageCell.swift in Sources */ = {isa = PBXBuildFile; fileRef = 910A820F240BF95400106559 /* MessageCell.swift */; };
		910A8221240BF95500106559 /* ConversationCell.swift in Sources */ = {isa = PBXBuildFile; fileRef = 910A8213240BF95400106559 /* ConversationCell.swift */; };
		910A8222240BF95500106559 /* ConversationsListViewController.swift in Sources */ = {isa = PBXBuildFile; fileRef = 910A8214240BF95400106559 /* ConversationsListViewController.swift */; };
		910A8223240BF95500106559 /* MessageCell.xib in Resources */ = {isa = PBXBuildFile; fileRef = 910A8215240BF95400106559 /* MessageCell.xib */; };
		91100AB0242750C6001259F1 /* GoogleService-Info.plist in Resources */ = {isa = PBXBuildFile; fileRef = 91100AAF242750C6001259F1 /* GoogleService-Info.plist */; };
		91100AB42427C19D001259F1 /* Constant.swift in Sources */ = {isa = PBXBuildFile; fileRef = 91100AB32427C19D001259F1 /* Constant.swift */; };
		91100AB72427C710001259F1 /* NewChannelViewController.swift in Sources */ = {isa = PBXBuildFile; fileRef = 91100AB52427C710001259F1 /* NewChannelViewController.swift */; };
		91100AB82427C710001259F1 /* NewChannelViewController.xib in Resources */ = {isa = PBXBuildFile; fileRef = 91100AB62427C710001259F1 /* NewChannelViewController.xib */; };
		91100ABE2427DCC1001259F1 /* ChannelsDataManager.swift in Sources */ = {isa = PBXBuildFile; fileRef = 91100ABD2427DCC1001259F1 /* ChannelsDataManager.swift */; };
		91100AC02427E08A001259F1 /* IChannelInteractor.swift in Sources */ = {isa = PBXBuildFile; fileRef = 91100ABF2427E08A001259F1 /* IChannelInteractor.swift */; };
		91100AC22427E909001259F1 /* IMessagesInteractor.swift in Sources */ = {isa = PBXBuildFile; fileRef = 91100AC12427E909001259F1 /* IMessagesInteractor.swift */; };
		91100AC42427E985001259F1 /* MessagesDataManager.swift in Sources */ = {isa = PBXBuildFile; fileRef = 91100AC32427E985001259F1 /* MessagesDataManager.swift */; };
		911015CE241E3F60002CB9AB /* ExtensionViewController.swift in Sources */ = {isa = PBXBuildFile; fileRef = 911015CD241E3F60002CB9AB /* ExtensionViewController.swift */; };
		911015D1241E74C8002CB9AB /* GCDDataManager.swift in Sources */ = {isa = PBXBuildFile; fileRef = 911015D0241E74C8002CB9AB /* GCDDataManager.swift */; };
		911015D3241E74DE002CB9AB /* OperationDataManager.swift in Sources */ = {isa = PBXBuildFile; fileRef = 911015D2241E74DE002CB9AB /* OperationDataManager.swift */; };
		911015D7241E7CE6002CB9AB /* IProfile.swift in Sources */ = {isa = PBXBuildFile; fileRef = 911015D6241E7CE6002CB9AB /* IProfile.swift */; };
		911015D9241E868E002CB9AB /* IProfileInteractor.swift in Sources */ = {isa = PBXBuildFile; fileRef = 911015D8241E868E002CB9AB /* IProfileInteractor.swift */; };
		911015DB241E88DD002CB9AB /* ProfileDataManager.swift in Sources */ = {isa = PBXBuildFile; fileRef = 911015DA241E88DD002CB9AB /* ProfileDataManager.swift */; };
		9185F3F423F5A5DF00A1F845 /* AppDelegate.swift in Sources */ = {isa = PBXBuildFile; fileRef = 9185F3F323F5A5DF00A1F845 /* AppDelegate.swift */; };
		9185F3FB23F5A5DF00A1F845 /* Main.storyboard in Resources */ = {isa = PBXBuildFile; fileRef = 9185F3F923F5A5DF00A1F845 /* Main.storyboard */; };
		9185F3FD23F5A5E400A1F845 /* Assets.xcassets in Resources */ = {isa = PBXBuildFile; fileRef = 9185F3FC23F5A5E400A1F845 /* Assets.xcassets */; };
		9185F40023F5A5E400A1F845 /* LaunchScreen.storyboard in Resources */ = {isa = PBXBuildFile; fileRef = 9185F3FE23F5A5E400A1F845 /* LaunchScreen.storyboard */; };
		A30D665289ED832AAD981AD7 /* Pods_HomeworkTinkoffMessages.framework in Frameworks */ = {isa = PBXBuildFile; fileRef = 41E4D7877B9B3360ECA48B08 /* Pods_HomeworkTinkoffMessages.framework */; };
/* End PBXBuildFile section */

/* Begin PBXFileReference section */
		26CF9D318EBC4DF2F6938F67 /* Pods-HomeworkTinkoffMessages.debug.xcconfig */ = {isa = PBXFileReference; includeInIndex = 1; lastKnownFileType = text.xcconfig; name = "Pods-HomeworkTinkoffMessages.debug.xcconfig"; path = "Target Support Files/Pods-HomeworkTinkoffMessages/Pods-HomeworkTinkoffMessages.debug.xcconfig"; sourceTree = "<group>"; };
		41E4D7877B9B3360ECA48B08 /* Pods_HomeworkTinkoffMessages.framework */ = {isa = PBXFileReference; explicitFileType = wrapper.framework; includeInIndex = 0; path = Pods_HomeworkTinkoffMessages.framework; sourceTree = BUILT_PRODUCTS_DIR; };
		910A8208240BF95300106559 /* ProfileViewController.swift */ = {isa = PBXFileReference; fileEncoding = 4; lastKnownFileType = sourcecode.swift; path = ProfileViewController.swift; sourceTree = "<group>"; };
		910A8209240BF95400106559 /* ConfigurationCellModel.swift */ = {isa = PBXFileReference; fileEncoding = 4; lastKnownFileType = sourcecode.swift; path = ConfigurationCellModel.swift; sourceTree = "<group>"; };
		910A820A240BF95400106559 /* ConversationViewController.swift */ = {isa = PBXFileReference; fileEncoding = 4; lastKnownFileType = sourcecode.swift; path = ConversationViewController.swift; sourceTree = "<group>"; };
		910A820B240BF95400106559 /* ConfigurableView.swift */ = {isa = PBXFileReference; fileEncoding = 4; lastKnownFileType = sourcecode.swift; path = ConfigurableView.swift; sourceTree = "<group>"; };
		910A820D240BF95400106559 /* MessageCellModel.swift */ = {isa = PBXFileReference; fileEncoding = 4; lastKnownFileType = sourcecode.swift; path = MessageCellModel.swift; sourceTree = "<group>"; };
		910A820E240BF95400106559 /* ConversationCell.xib */ = {isa = PBXFileReference; fileEncoding = 4; lastKnownFileType = file.xib; path = ConversationCell.xib; sourceTree = "<group>"; };
		910A820F240BF95400106559 /* MessageCell.swift */ = {isa = PBXFileReference; fileEncoding = 4; lastKnownFileType = sourcecode.swift; path = MessageCell.swift; sourceTree = "<group>"; };
		910A8213240BF95400106559 /* ConversationCell.swift */ = {isa = PBXFileReference; fileEncoding = 4; lastKnownFileType = sourcecode.swift; path = ConversationCell.swift; sourceTree = "<group>"; };
		910A8214240BF95400106559 /* ConversationsListViewController.swift */ = {isa = PBXFileReference; fileEncoding = 4; lastKnownFileType = sourcecode.swift; path = ConversationsListViewController.swift; sourceTree = "<group>"; };
		910A8215240BF95400106559 /* MessageCell.xib */ = {isa = PBXFileReference; fileEncoding = 4; lastKnownFileType = file.xib; path = MessageCell.xib; sourceTree = "<group>"; };
		91100AAF242750C6001259F1 /* GoogleService-Info.plist */ = {isa = PBXFileReference; fileEncoding = 4; lastKnownFileType = text.plist.xml; path = "GoogleService-Info.plist"; sourceTree = "<group>"; };
		91100AB32427C19D001259F1 /* Constant.swift */ = {isa = PBXFileReference; lastKnownFileType = sourcecode.swift; path = Constant.swift; sourceTree = "<group>"; };
		91100AB52427C710001259F1 /* NewChannelViewController.swift */ = {isa = PBXFileReference; lastKnownFileType = sourcecode.swift; path = NewChannelViewController.swift; sourceTree = "<group>"; };
		91100AB62427C710001259F1 /* NewChannelViewController.xib */ = {isa = PBXFileReference; lastKnownFileType = file.xib; path = NewChannelViewController.xib; sourceTree = "<group>"; };
		91100ABD2427DCC1001259F1 /* ChannelsDataManager.swift */ = {isa = PBXFileReference; lastKnownFileType = sourcecode.swift; path = ChannelsDataManager.swift; sourceTree = "<group>"; };
		91100ABF2427E08A001259F1 /* IChannelInteractor.swift */ = {isa = PBXFileReference; lastKnownFileType = sourcecode.swift; path = IChannelInteractor.swift; sourceTree = "<group>"; };
		91100AC12427E909001259F1 /* IMessagesInteractor.swift */ = {isa = PBXFileReference; lastKnownFileType = sourcecode.swift; path = IMessagesInteractor.swift; sourceTree = "<group>"; };
		91100AC32427E985001259F1 /* MessagesDataManager.swift */ = {isa = PBXFileReference; lastKnownFileType = sourcecode.swift; path = MessagesDataManager.swift; sourceTree = "<group>"; };
		911015CD241E3F60002CB9AB /* ExtensionViewController.swift */ = {isa = PBXFileReference; lastKnownFileType = sourcecode.swift; path = ExtensionViewController.swift; sourceTree = "<group>"; };
		911015D0241E74C8002CB9AB /* GCDDataManager.swift */ = {isa = PBXFileReference; lastKnownFileType = sourcecode.swift; path = GCDDataManager.swift; sourceTree = "<group>"; };
		911015D2241E74DE002CB9AB /* OperationDataManager.swift */ = {isa = PBXFileReference; lastKnownFileType = sourcecode.swift; path = OperationDataManager.swift; sourceTree = "<group>"; };
		911015D6241E7CE6002CB9AB /* IProfile.swift */ = {isa = PBXFileReference; lastKnownFileType = sourcecode.swift; path = IProfile.swift; sourceTree = "<group>"; };
		911015D8241E868E002CB9AB /* IProfileInteractor.swift */ = {isa = PBXFileReference; lastKnownFileType = sourcecode.swift; path = IProfileInteractor.swift; sourceTree = "<group>"; };
		911015DA241E88DD002CB9AB /* ProfileDataManager.swift */ = {isa = PBXFileReference; lastKnownFileType = sourcecode.swift; path = ProfileDataManager.swift; sourceTree = "<group>"; };
		9185F3F023F5A5DF00A1F845 /* HomeworkTinkoffMessages.app */ = {isa = PBXFileReference; explicitFileType = wrapper.application; includeInIndex = 0; path = HomeworkTinkoffMessages.app; sourceTree = BUILT_PRODUCTS_DIR; };
		9185F3F323F5A5DF00A1F845 /* AppDelegate.swift */ = {isa = PBXFileReference; lastKnownFileType = sourcecode.swift; path = AppDelegate.swift; sourceTree = "<group>"; };
		9185F3FA23F5A5DF00A1F845 /* Base */ = {isa = PBXFileReference; lastKnownFileType = file.storyboard; name = Base; path = Base.lproj/Main.storyboard; sourceTree = "<group>"; };
		9185F3FC23F5A5E400A1F845 /* Assets.xcassets */ = {isa = PBXFileReference; lastKnownFileType = folder.assetcatalog; path = Assets.xcassets; sourceTree = "<group>"; };
		9185F3FF23F5A5E400A1F845 /* Base */ = {isa = PBXFileReference; lastKnownFileType = file.storyboard; name = Base; path = Base.lproj/LaunchScreen.storyboard; sourceTree = "<group>"; };
		9185F40123F5A5E400A1F845 /* Info.plist */ = {isa = PBXFileReference; lastKnownFileType = text.plist.xml; path = Info.plist; sourceTree = "<group>"; };
		C315178FE7CF45F8AB8475AE /* Pods-HomeworkTinkoffMessages.release.xcconfig */ = {isa = PBXFileReference; includeInIndex = 1; lastKnownFileType = text.xcconfig; name = "Pods-HomeworkTinkoffMessages.release.xcconfig"; path = "Target Support Files/Pods-HomeworkTinkoffMessages/Pods-HomeworkTinkoffMessages.release.xcconfig"; sourceTree = "<group>"; };
/* End PBXFileReference section */

/* Begin PBXFrameworksBuildPhase section */
		9185F3ED23F5A5DF00A1F845 /* Frameworks */ = {
			isa = PBXFrameworksBuildPhase;
			buildActionMask = 2147483647;
			files = (
				A30D665289ED832AAD981AD7 /* Pods_HomeworkTinkoffMessages.framework in Frameworks */,
			);
			runOnlyForDeploymentPostprocessing = 0;
		};
/* End PBXFrameworksBuildPhase section */

/* Begin PBXGroup section */
		0333A991D0E24A6BAF5DD99E /* Pods */ = {
			isa = PBXGroup;
			children = (
				26CF9D318EBC4DF2F6938F67 /* Pods-HomeworkTinkoffMessages.debug.xcconfig */,
				C315178FE7CF45F8AB8475AE /* Pods-HomeworkTinkoffMessages.release.xcconfig */,
			);
			path = Pods;
			sourceTree = "<group>";
		};
		3C7A2B3D028370B389005362 /* Frameworks */ = {
			isa = PBXGroup;
			children = (
				41E4D7877B9B3360ECA48B08 /* Pods_HomeworkTinkoffMessages.framework */,
			);
			name = Frameworks;
			sourceTree = "<group>";
		};
		910A8225240BF97A00106559 /* ViewController */ = {
			isa = PBXGroup;
			children = (
				910A8208240BF95300106559 /* ProfileViewController.swift */,
				910A820A240BF95400106559 /* ConversationViewController.swift */,
				910A8214240BF95400106559 /* ConversationsListViewController.swift */,
				91100AB52427C710001259F1 /* NewChannelViewController.swift */,
				91100AB62427C710001259F1 /* NewChannelViewController.xib */,
			);
			path = ViewController;
			sourceTree = "<group>";
		};
		910A8226240BF98700106559 /* TableViewCell */ = {
			isa = PBXGroup;
			children = (
				910A822A240BFAB900106559 /* Message */,
				910A8229240BFAA500106559 /* Conversation */,
			);
			path = TableViewCell;
			sourceTree = "<group>";
		};
		910A8227240BF98E00106559 /* Models */ = {
			isa = PBXGroup;
			children = (
				910A8209240BF95400106559 /* ConfigurationCellModel.swift */,
				910A820D240BF95400106559 /* MessageCellModel.swift */,
				911015D6241E7CE6002CB9AB /* IProfile.swift */,
			);
			path = Models;
			sourceTree = "<group>";
		};
		910A8228240BF99300106559 /* Protocol */ = {
			isa = PBXGroup;
			children = (
				910A820B240BF95400106559 /* ConfigurableView.swift */,
			);
			path = Protocol;
			sourceTree = "<group>";
		};
		910A8229240BFAA500106559 /* Conversation */ = {
			isa = PBXGroup;
			children = (
				910A8213240BF95400106559 /* ConversationCell.swift */,
				910A820E240BF95400106559 /* ConversationCell.xib */,
			);
			path = Conversation;
			sourceTree = "<group>";
		};
		910A822A240BFAB900106559 /* Message */ = {
			isa = PBXGroup;
			children = (
				910A820F240BF95400106559 /* MessageCell.swift */,
				910A8215240BF95400106559 /* MessageCell.xib */,
			);
			path = Message;
			sourceTree = "<group>";
		};
		91100AB92427DC2D001259F1 /* Interactor */ = {
			isa = PBXGroup;
			children = (
				911015D8241E868E002CB9AB /* IProfileInteractor.swift */,
				91100ABF2427E08A001259F1 /* IChannelInteractor.swift */,
				91100AC12427E909001259F1 /* IMessagesInteractor.swift */,
			);
			path = Interactor;
			sourceTree = "<group>";
		};
		91100ABA2427DC95001259F1 /* Profile */ = {
			isa = PBXGroup;
			children = (
				911015D0241E74C8002CB9AB /* GCDDataManager.swift */,
				911015DA241E88DD002CB9AB /* ProfileDataManager.swift */,
				911015D2241E74DE002CB9AB /* OperationDataManager.swift */,
			);
			path = Profile;
			sourceTree = "<group>";
		};
		91100ABB2427DC9D001259F1 /* Contacts */ = {
			isa = PBXGroup;
			children = (
				91100ABD2427DCC1001259F1 /* ChannelsDataManager.swift */,
			);
			path = Contacts;
			sourceTree = "<group>";
		};
		91100ABC2427DCAB001259F1 /* Messages */ = {
			isa = PBXGroup;
			children = (
				91100AC32427E985001259F1 /* MessagesDataManager.swift */,
			);
			path = Messages;
			sourceTree = "<group>";
		};
		911015CF241E7485002CB9AB /* DataManager */ = {
			isa = PBXGroup;
			children = (
				91100ABC2427DCAB001259F1 /* Messages */,
				91100ABB2427DC9D001259F1 /* Contacts */,
				91100ABA2427DC95001259F1 /* Profile */,
			);
			path = DataManager;
			sourceTree = "<group>";
		};
		916E5C9A2427F62C006362E5 /* Presentation */ = {
			isa = PBXGroup;
			children = (
				911015CD241E3F60002CB9AB /* ExtensionViewController.swift */,
				9185F3FE23F5A5E400A1F845 /* LaunchScreen.storyboard */,
				9185F3F923F5A5DF00A1F845 /* Main.storyboard */,
				910A8226240BF98700106559 /* TableViewCell */,
				910A8225240BF97A00106559 /* ViewController */,
			);
			path = Presentation;
			sourceTree = "<group>";
		};
		916E5C9B2427F639006362E5 /* Services */ = {
			isa = PBXGroup;
			children = (
				91100AB32427C19D001259F1 /* Constant.swift */,
				911015CF241E7485002CB9AB /* DataManager */,
				91100AB92427DC2D001259F1 /* Interactor */,
				910A8228240BF99300106559 /* Protocol */,
				910A8227240BF98E00106559 /* Models */,
			);
			path = Services;
			sourceTree = "<group>";
		};
		9185F3E723F5A5DF00A1F845 = {
			isa = PBXGroup;
			children = (
				9185F3F223F5A5DF00A1F845 /* HomeworkTinkoffMessages */,
				9185F3F123F5A5DF00A1F845 /* Products */,
				0333A991D0E24A6BAF5DD99E /* Pods */,
				3C7A2B3D028370B389005362 /* Frameworks */,
			);
			sourceTree = "<group>";
		};
		9185F3F123F5A5DF00A1F845 /* Products */ = {
			isa = PBXGroup;
			children = (
				9185F3F023F5A5DF00A1F845 /* HomeworkTinkoffMessages.app */,
			);
			name = Products;
			sourceTree = "<group>";
		};
		9185F3F223F5A5DF00A1F845 /* HomeworkTinkoffMessages */ = {
			isa = PBXGroup;
			children = (
				916E5C9B2427F639006362E5 /* Services */,
				916E5C9A2427F62C006362E5 /* Presentation */,
				9185F3F323F5A5DF00A1F845 /* AppDelegate.swift */,
				9185F3FC23F5A5E400A1F845 /* Assets.xcassets */,
				9185F40123F5A5E400A1F845 /* Info.plist */,
				91100AAF242750C6001259F1 /* GoogleService-Info.plist */,
			);
			path = HomeworkTinkoffMessages;
			sourceTree = "<group>";
		};
/* End PBXGroup section */

/* Begin PBXNativeTarget section */
		9185F3EF23F5A5DF00A1F845 /* HomeworkTinkoffMessages */ = {
			isa = PBXNativeTarget;
			buildConfigurationList = 9185F40423F5A5E400A1F845 /* Build configuration list for PBXNativeTarget "HomeworkTinkoffMessages" */;
			buildPhases = (
				7C3C623859ABB823C7A5B888 /* [CP] Check Pods Manifest.lock */,
				9185F3EC23F5A5DF00A1F845 /* Sources */,
				9185F3ED23F5A5DF00A1F845 /* Frameworks */,
				9185F3EE23F5A5DF00A1F845 /* Resources */,
				8664F9D6A8C012BA18B8B043 /* [CP] Embed Pods Frameworks */,
			);
			buildRules = (
			);
			dependencies = (
			);
			name = HomeworkTinkoffMessages;
			productName = HomeworkTinkoffMessages;
			productReference = 9185F3F023F5A5DF00A1F845 /* HomeworkTinkoffMessages.app */;
			productType = "com.apple.product-type.application";
		};
/* End PBXNativeTarget section */

/* Begin PBXProject section */
		9185F3E823F5A5DF00A1F845 /* Project object */ = {
			isa = PBXProject;
			attributes = {
				LastSwiftUpdateCheck = 1130;
				LastUpgradeCheck = 1130;
				ORGANIZATIONNAME = "Олег Герман";
				TargetAttributes = {
					9185F3EF23F5A5DF00A1F845 = {
						CreatedOnToolsVersion = 11.3;
					};
				};
			};
			buildConfigurationList = 9185F3EB23F5A5DF00A1F845 /* Build configuration list for PBXProject "HomeworkTinkoffMessages" */;
			compatibilityVersion = "Xcode 9.3";
			developmentRegion = en;
			hasScannedForEncodings = 0;
			knownRegions = (
				en,
				Base,
			);
			mainGroup = 9185F3E723F5A5DF00A1F845;
			productRefGroup = 9185F3F123F5A5DF00A1F845 /* Products */;
			projectDirPath = "";
			projectRoot = "";
			targets = (
				9185F3EF23F5A5DF00A1F845 /* HomeworkTinkoffMessages */,
			);
		};
/* End PBXProject section */

/* Begin PBXResourcesBuildPhase section */
		9185F3EE23F5A5DF00A1F845 /* Resources */ = {
			isa = PBXResourcesBuildPhase;
			buildActionMask = 2147483647;
			files = (
				9185F40023F5A5E400A1F845 /* LaunchScreen.storyboard in Resources */,
				910A8223240BF95500106559 /* MessageCell.xib in Resources */,
				9185F3FD23F5A5E400A1F845 /* Assets.xcassets in Resources */,
				91100AB82427C710001259F1 /* NewChannelViewController.xib in Resources */,
				9185F3FB23F5A5DF00A1F845 /* Main.storyboard in Resources */,
				910A821C240BF95500106559 /* ConversationCell.xib in Resources */,
				91100AB0242750C6001259F1 /* GoogleService-Info.plist in Resources */,
			);
			runOnlyForDeploymentPostprocessing = 0;
		};
/* End PBXResourcesBuildPhase section */

/* Begin PBXShellScriptBuildPhase section */
		7C3C623859ABB823C7A5B888 /* [CP] Check Pods Manifest.lock */ = {
			isa = PBXShellScriptBuildPhase;
			buildActionMask = 2147483647;
			files = (
			);
			inputFileListPaths = (
			);
			inputPaths = (
				"${PODS_PODFILE_DIR_PATH}/Podfile.lock",
				"${PODS_ROOT}/Manifest.lock",
			);
			name = "[CP] Check Pods Manifest.lock";
			outputFileListPaths = (
			);
			outputPaths = (
				"$(DERIVED_FILE_DIR)/Pods-HomeworkTinkoffMessages-checkManifestLockResult.txt",
			);
			runOnlyForDeploymentPostprocessing = 0;
			shellPath = /bin/sh;
			shellScript = "diff \"${PODS_PODFILE_DIR_PATH}/Podfile.lock\" \"${PODS_ROOT}/Manifest.lock\" > /dev/null\nif [ $? != 0 ] ; then\n    # print error to STDERR\n    echo \"error: The sandbox is not in sync with the Podfile.lock. Run 'pod install' or update your CocoaPods installation.\" >&2\n    exit 1\nfi\n# This output is used by Xcode 'outputs' to avoid re-running this script phase.\necho \"SUCCESS\" > \"${SCRIPT_OUTPUT_FILE_0}\"\n";
			showEnvVarsInLog = 0;
		};
		8664F9D6A8C012BA18B8B043 /* [CP] Embed Pods Frameworks */ = {
			isa = PBXShellScriptBuildPhase;
			buildActionMask = 2147483647;
			files = (
			);
			inputFileListPaths = (
				"${PODS_ROOT}/Target Support Files/Pods-HomeworkTinkoffMessages/Pods-HomeworkTinkoffMessages-frameworks-${CONFIGURATION}-input-files.xcfilelist",
			);
			name = "[CP] Embed Pods Frameworks";
			outputFileListPaths = (
				"${PODS_ROOT}/Target Support Files/Pods-HomeworkTinkoffMessages/Pods-HomeworkTinkoffMessages-frameworks-${CONFIGURATION}-output-files.xcfilelist",
			);
			runOnlyForDeploymentPostprocessing = 0;
			shellPath = /bin/sh;
			shellScript = "\"${PODS_ROOT}/Target Support Files/Pods-HomeworkTinkoffMessages/Pods-HomeworkTinkoffMessages-frameworks.sh\"\n";
			showEnvVarsInLog = 0;
		};
/* End PBXShellScriptBuildPhase section */

/* Begin PBXSourcesBuildPhase section */
		9185F3EC23F5A5DF00A1F845 /* Sources */ = {
			isa = PBXSourcesBuildPhase;
			buildActionMask = 2147483647;
			files = (
				910A8217240BF95500106559 /* ConfigurationCellModel.swift in Sources */,
				911015D3241E74DE002CB9AB /* OperationDataManager.swift in Sources */,
				911015D9241E868E002CB9AB /* IProfileInteractor.swift in Sources */,
				91100AB42427C19D001259F1 /* Constant.swift in Sources */,
				910A8222240BF95500106559 /* ConversationsListViewController.swift in Sources */,
				910A821D240BF95500106559 /* MessageCell.swift in Sources */,
				910A8216240BF95500106559 /* ProfileViewController.swift in Sources */,
				91100ABE2427DCC1001259F1 /* ChannelsDataManager.swift in Sources */,
				911015CE241E3F60002CB9AB /* ExtensionViewController.swift in Sources */,
				91100AC02427E08A001259F1 /* IChannelInteractor.swift in Sources */,
				91100AB72427C710001259F1 /* NewChannelViewController.swift in Sources */,
				910A8218240BF95500106559 /* ConversationViewController.swift in Sources */,
				91100AC22427E909001259F1 /* IMessagesInteractor.swift in Sources */,
				911015D1241E74C8002CB9AB /* GCDDataManager.swift in Sources */,
				911015DB241E88DD002CB9AB /* ProfileDataManager.swift in Sources */,
				910A8219240BF95500106559 /* ConfigurableView.swift in Sources */,
				91100AC42427E985001259F1 /* MessagesDataManager.swift in Sources */,
				9185F3F423F5A5DF00A1F845 /* AppDelegate.swift in Sources */,
				910A821B240BF95500106559 /* MessageCellModel.swift in Sources */,
				910A8221240BF95500106559 /* ConversationCell.swift in Sources */,
				911015D7241E7CE6002CB9AB /* IProfile.swift in Sources */,
			);
			runOnlyForDeploymentPostprocessing = 0;
		};
/* End PBXSourcesBuildPhase section */

/* Begin PBXVariantGroup section */
		9185F3F923F5A5DF00A1F845 /* Main.storyboard */ = {
			isa = PBXVariantGroup;
			children = (
				9185F3FA23F5A5DF00A1F845 /* Base */,
			);
			name = Main.storyboard;
			sourceTree = "<group>";
		};
		9185F3FE23F5A5E400A1F845 /* LaunchScreen.storyboard */ = {
			isa = PBXVariantGroup;
			children = (
				9185F3FF23F5A5E400A1F845 /* Base */,
			);
			name = LaunchScreen.storyboard;
			sourceTree = "<group>";
		};
/* End PBXVariantGroup section */

/* Begin XCBuildConfiguration section */
		9185F40223F5A5E400A1F845 /* Debug */ = {
			isa = XCBuildConfiguration;
			buildSettings = {
				ALWAYS_SEARCH_USER_PATHS = NO;
				CLANG_ANALYZER_NONNULL = YES;
				CLANG_ANALYZER_NUMBER_OBJECT_CONVERSION = YES_AGGRESSIVE;
				CLANG_CXX_LANGUAGE_STANDARD = "gnu++14";
				CLANG_CXX_LIBRARY = "libc++";
				CLANG_ENABLE_MODULES = YES;
				CLANG_ENABLE_OBJC_ARC = YES;
				CLANG_ENABLE_OBJC_WEAK = YES;
				CLANG_WARN_BLOCK_CAPTURE_AUTORELEASING = YES;
				CLANG_WARN_BOOL_CONVERSION = YES;
				CLANG_WARN_COMMA = YES;
				CLANG_WARN_CONSTANT_CONVERSION = YES;
				CLANG_WARN_DEPRECATED_OBJC_IMPLEMENTATIONS = YES;
				CLANG_WARN_DIRECT_OBJC_ISA_USAGE = YES_ERROR;
				CLANG_WARN_DOCUMENTATION_COMMENTS = YES;
				CLANG_WARN_EMPTY_BODY = YES;
				CLANG_WARN_ENUM_CONVERSION = YES;
				CLANG_WARN_INFINITE_RECURSION = YES;
				CLANG_WARN_INT_CONVERSION = YES;
				CLANG_WARN_NON_LITERAL_NULL_CONVERSION = YES;
				CLANG_WARN_OBJC_IMPLICIT_RETAIN_SELF = YES;
				CLANG_WARN_OBJC_LITERAL_CONVERSION = YES;
				CLANG_WARN_OBJC_ROOT_CLASS = YES_ERROR;
				CLANG_WARN_RANGE_LOOP_ANALYSIS = YES;
				CLANG_WARN_STRICT_PROTOTYPES = YES;
				CLANG_WARN_SUSPICIOUS_MOVE = YES;
				CLANG_WARN_UNGUARDED_AVAILABILITY = YES_AGGRESSIVE;
				CLANG_WARN_UNREACHABLE_CODE = YES;
				CLANG_WARN__DUPLICATE_METHOD_MATCH = YES;
				COPY_PHASE_STRIP = NO;
				DEBUG_INFORMATION_FORMAT = dwarf;
				ENABLE_STRICT_OBJC_MSGSEND = YES;
				ENABLE_TESTABILITY = YES;
				GCC_C_LANGUAGE_STANDARD = gnu11;
				GCC_DYNAMIC_NO_PIC = NO;
				GCC_NO_COMMON_BLOCKS = YES;
				GCC_OPTIMIZATION_LEVEL = 0;
				GCC_PREPROCESSOR_DEFINITIONS = (
					"DEBUG=1",
					"$(inherited)",
				);
				GCC_WARN_64_TO_32_BIT_CONVERSION = YES;
				GCC_WARN_ABOUT_RETURN_TYPE = YES_ERROR;
				GCC_WARN_UNDECLARED_SELECTOR = YES;
				GCC_WARN_UNINITIALIZED_AUTOS = YES_AGGRESSIVE;
				GCC_WARN_UNUSED_FUNCTION = YES;
				GCC_WARN_UNUSED_VARIABLE = YES;
				IPHONEOS_DEPLOYMENT_TARGET = 13.2;
				MTL_ENABLE_DEBUG_INFO = INCLUDE_SOURCE;
				MTL_FAST_MATH = YES;
				ONLY_ACTIVE_ARCH = YES;
				SDKROOT = iphoneos;
				SWIFT_ACTIVE_COMPILATION_CONDITIONS = DEBUG;
				SWIFT_OPTIMIZATION_LEVEL = "-Onone";
			};
			name = Debug;
		};
		9185F40323F5A5E400A1F845 /* Release */ = {
			isa = XCBuildConfiguration;
			buildSettings = {
				ALWAYS_SEARCH_USER_PATHS = NO;
				CLANG_ANALYZER_NONNULL = YES;
				CLANG_ANALYZER_NUMBER_OBJECT_CONVERSION = YES_AGGRESSIVE;
				CLANG_CXX_LANGUAGE_STANDARD = "gnu++14";
				CLANG_CXX_LIBRARY = "libc++";
				CLANG_ENABLE_MODULES = YES;
				CLANG_ENABLE_OBJC_ARC = YES;
				CLANG_ENABLE_OBJC_WEAK = YES;
				CLANG_WARN_BLOCK_CAPTURE_AUTORELEASING = YES;
				CLANG_WARN_BOOL_CONVERSION = YES;
				CLANG_WARN_COMMA = YES;
				CLANG_WARN_CONSTANT_CONVERSION = YES;
				CLANG_WARN_DEPRECATED_OBJC_IMPLEMENTATIONS = YES;
				CLANG_WARN_DIRECT_OBJC_ISA_USAGE = YES_ERROR;
				CLANG_WARN_DOCUMENTATION_COMMENTS = YES;
				CLANG_WARN_EMPTY_BODY = YES;
				CLANG_WARN_ENUM_CONVERSION = YES;
				CLANG_WARN_INFINITE_RECURSION = YES;
				CLANG_WARN_INT_CONVERSION = YES;
				CLANG_WARN_NON_LITERAL_NULL_CONVERSION = YES;
				CLANG_WARN_OBJC_IMPLICIT_RETAIN_SELF = YES;
				CLANG_WARN_OBJC_LITERAL_CONVERSION = YES;
				CLANG_WARN_OBJC_ROOT_CLASS = YES_ERROR;
				CLANG_WARN_RANGE_LOOP_ANALYSIS = YES;
				CLANG_WARN_STRICT_PROTOTYPES = YES;
				CLANG_WARN_SUSPICIOUS_MOVE = YES;
				CLANG_WARN_UNGUARDED_AVAILABILITY = YES_AGGRESSIVE;
				CLANG_WARN_UNREACHABLE_CODE = YES;
				CLANG_WARN__DUPLICATE_METHOD_MATCH = YES;
				COPY_PHASE_STRIP = NO;
				DEBUG_INFORMATION_FORMAT = "dwarf-with-dsym";
				ENABLE_NS_ASSERTIONS = NO;
				ENABLE_STRICT_OBJC_MSGSEND = YES;
				GCC_C_LANGUAGE_STANDARD = gnu11;
				GCC_NO_COMMON_BLOCKS = YES;
				GCC_WARN_64_TO_32_BIT_CONVERSION = YES;
				GCC_WARN_ABOUT_RETURN_TYPE = YES_ERROR;
				GCC_WARN_UNDECLARED_SELECTOR = YES;
				GCC_WARN_UNINITIALIZED_AUTOS = YES_AGGRESSIVE;
				GCC_WARN_UNUSED_FUNCTION = YES;
				GCC_WARN_UNUSED_VARIABLE = YES;
				IPHONEOS_DEPLOYMENT_TARGET = 13.2;
				MTL_ENABLE_DEBUG_INFO = NO;
				MTL_FAST_MATH = YES;
				SDKROOT = iphoneos;
				SWIFT_COMPILATION_MODE = wholemodule;
				SWIFT_OPTIMIZATION_LEVEL = "-O";
				VALIDATE_PRODUCT = YES;
			};
			name = Release;
		};
		9185F40523F5A5E400A1F845 /* Debug */ = {
			isa = XCBuildConfiguration;
			baseConfigurationReference = 26CF9D318EBC4DF2F6938F67 /* Pods-HomeworkTinkoffMessages.debug.xcconfig */;
			buildSettings = {
				ASSETCATALOG_COMPILER_APPICON_NAME = AppIcon;
				CODE_SIGN_STYLE = Automatic;
				DEVELOPMENT_TEAM = JXJ5VHYBLN;
				INFOPLIST_FILE = HomeworkTinkoffMessages/Info.plist;
				IPHONEOS_DEPLOYMENT_TARGET = 11.0;
				LD_RUNPATH_SEARCH_PATHS = (
					"$(inherited)",
					"@executable_path/Frameworks",
				);
				PRODUCT_BUNDLE_IDENTIFIER = ru.tcsbank.TinkoffChat;
				PRODUCT_NAME = "$(TARGET_NAME)";
				SWIFT_VERSION = 5.0;
				TARGETED_DEVICE_FAMILY = 1;
			};
			name = Debug;
		};
		9185F40623F5A5E400A1F845 /* Release */ = {
			isa = XCBuildConfiguration;
			baseConfigurationReference = C315178FE7CF45F8AB8475AE /* Pods-HomeworkTinkoffMessages.release.xcconfig */;
			buildSettings = {
				ASSETCATALOG_COMPILER_APPICON_NAME = AppIcon;
				CODE_SIGN_STYLE = Automatic;
				DEVELOPMENT_TEAM = JXJ5VHYBLN;
				INFOPLIST_FILE = HomeworkTinkoffMessages/Info.plist;
				IPHONEOS_DEPLOYMENT_TARGET = 11.0;
				LD_RUNPATH_SEARCH_PATHS = (
					"$(inherited)",
					"@executable_path/Frameworks",
				);
				PRODUCT_BUNDLE_IDENTIFIER = ru.tcsbank.TinkoffChat;
				PRODUCT_NAME = "$(TARGET_NAME)";
				SWIFT_VERSION = 5.0;
				TARGETED_DEVICE_FAMILY = 1;
			};
			name = Release;
		};
/* End XCBuildConfiguration section */

/* Begin XCConfigurationList section */
		9185F3EB23F5A5DF00A1F845 /* Build configuration list for PBXProject "HomeworkTinkoffMessages" */ = {
			isa = XCConfigurationList;
			buildConfigurations = (
				9185F40223F5A5E400A1F845 /* Debug */,
				9185F40323F5A5E400A1F845 /* Release */,
			);
			defaultConfigurationIsVisible = 0;
			defaultConfigurationName = Release;
		};
		9185F40423F5A5E400A1F845 /* Build configuration list for PBXNativeTarget "HomeworkTinkoffMessages" */ = {
			isa = XCConfigurationList;
			buildConfigurations = (
				9185F40523F5A5E400A1F845 /* Debug */,
				9185F40623F5A5E400A1F845 /* Release */,
			);
			defaultConfigurationIsVisible = 0;
			defaultConfigurationName = Release;
		};
/* End XCConfigurationList section */
	};
	rootObject = 9185F3E823F5A5DF00A1F845 /* Project object */;
}
